// !$*UTF8*$!
{
	archiveVersion = 1;
	classes = {
	};
	objectVersion = 55;
	objects = {

/* Begin PBXBuildFile section */
		333BF66628571CF00039F77F /* FriendCollectionViewCell.swift in Sources */ = {isa = PBXBuildFile; fileRef = 333BF66528571CF00039F77F /* FriendCollectionViewCell.swift */; };
		333BF66A285864CE0039F77F /* MemoryViewController.swift in Sources */ = {isa = PBXBuildFile; fileRef = 333BF669285864CE0039F77F /* MemoryViewController.swift */; };
		33BDF5622856E03800564211 /* FriendListViewController.swift in Sources */ = {isa = PBXBuildFile; fileRef = 33BDF5612856E03800564211 /* FriendListViewController.swift */; };
		39018F4228C4708A00C78DBA /* UIButton+Extension.swift in Sources */ = {isa = PBXBuildFile; fileRef = 39018F4128C4708A00C78DBA /* UIButton+Extension.swift */; };
		391B3003286198C200421F1D /* Size.swift in Sources */ = {isa = PBXBuildFile; fileRef = 391B3002286198C200421F1D /* Size.swift */; };
		392EC77E2855C388006918A9 /* SettingButton.swift in Sources */ = {isa = PBXBuildFile; fileRef = 392EC77D2855C388006918A9 /* SettingButton.swift */; };
		392EC7812855D17D006918A9 /* DetailWaitTitleView.swift in Sources */ = {isa = PBXBuildFile; fileRef = 392EC7802855D17D006918A9 /* DetailWaitTitleView.swift */; };
		397A241028BA494100454E4F /* APIEnvironment.swift in Sources */ = {isa = PBXBuildFile; fileRef = 39C957F0287D984900A04A2B /* APIEnvironment.swift */; };
		397A241428BA516B00454E4F /* DetailWaitAPI.swift in Sources */ = {isa = PBXBuildFile; fileRef = 397A241328BA516B00454E4F /* DetailWaitAPI.swift */; };
		397A241828BA51B400454E4F /* DetailWaitProtocol.swift in Sources */ = {isa = PBXBuildFile; fileRef = 397A241728BA51B400454E4F /* DetailWaitProtocol.swift */; };
		397A241A28BA532A00454E4F /* FriendList.swift in Sources */ = {isa = PBXBuildFile; fileRef = 397A241928BA532A00454E4F /* FriendList.swift */; };
		399D17AB2856C83B00F50D9D /* DetailEditViewController.swift in Sources */ = {isa = PBXBuildFile; fileRef = 399D17AA2856C83B00F50D9D /* DetailEditViewController.swift */; };
		39C957CE2876E2ED00A04A2B /* LoginViewController.swift in Sources */ = {isa = PBXBuildFile; fileRef = 39C957CD2876E2ED00A04A2B /* LoginViewController.swift */; };
		39C957D02879521400A04A2B /* String+Extension.swift in Sources */ = {isa = PBXBuildFile; fileRef = 39C957CF2879521400A04A2B /* String+Extension.swift */; };
		39C957D22879523200A04A2B /* Date+Extension.swift in Sources */ = {isa = PBXBuildFile; fileRef = 39C957D12879523200A04A2B /* Date+Extension.swift */; };
		39C957D628799AB900A04A2B /* HTTPMethod.swift in Sources */ = {isa = PBXBuildFile; fileRef = 39C957D528799AB900A04A2B /* HTTPMethod.swift */; };
		39C957D828799DB900A04A2B /* NetworkError.swift in Sources */ = {isa = PBXBuildFile; fileRef = 39C957D728799DB900A04A2B /* NetworkError.swift */; };
		39C957DD2879A2B600A04A2B /* Room.swift in Sources */ = {isa = PBXBuildFile; fileRef = 39C957DC2879A2B600A04A2B /* Room.swift */; };
		39C957DF2879A35300A04A2B /* RoomDTO.swift in Sources */ = {isa = PBXBuildFile; fileRef = 39C957DE2879A35300A04A2B /* RoomDTO.swift */; };
		39C957E12879A3CF00A04A2B /* DailyMission.swift in Sources */ = {isa = PBXBuildFile; fileRef = 39C957E02879A3CF00A04A2B /* DailyMission.swift */; };
		39C957ED287AE4D100A04A2B /* MainEndPoint.swift in Sources */ = {isa = PBXBuildFile; fileRef = 39C957EC287AE4D100A04A2B /* MainEndPoint.swift */; };
		39C957EF287AEBB400A04A2B /* Endpointable.swift in Sources */ = {isa = PBXBuildFile; fileRef = 39C957EE287AEBB400A04A2B /* Endpointable.swift */; };
		39C957F4287D9EB400A04A2B /* APIService.swift in Sources */ = {isa = PBXBuildFile; fileRef = 39C957F3287D9EB400A04A2B /* APIService.swift */; };
		39C957F6287D9ED000A04A2B /* NetworkRequest.swift in Sources */ = {isa = PBXBuildFile; fileRef = 39C957F5287D9ED000A04A2B /* NetworkRequest.swift */; };
		39C957FC287DAAFA00A04A2B /* DetailWaitEndPoint.swift in Sources */ = {isa = PBXBuildFile; fileRef = 39C957FB287DAAFA00A04A2B /* DetailWaitEndPoint.swift */; };
		39C957FE287DAB6D00A04A2B /* DetailIngEndPoint.swift in Sources */ = {isa = PBXBuildFile; fileRef = 39C957FD287DAB6D00A04A2B /* DetailIngEndPoint.swift */; };
		39C95800287DAC2900A04A2B /* DetailDoneEndPoint.swift in Sources */ = {isa = PBXBuildFile; fileRef = 39C957FF287DAC2900A04A2B /* DetailDoneEndPoint.swift */; };
		39C95802287DACC300A04A2B /* RoomEndPoint.swift in Sources */ = {isa = PBXBuildFile; fileRef = 39C95801287DACC300A04A2B /* RoomEndPoint.swift */; };
		39C95804287DAD3000A04A2B /* LetterEndPoint.swift in Sources */ = {isa = PBXBuildFile; fileRef = 39C95803287DAD3000A04A2B /* LetterEndPoint.swift */; };
		39C95806287DAE5700A04A2B /* InteractionEndPoint.swift in Sources */ = {isa = PBXBuildFile; fileRef = 39C95805287DAE5700A04A2B /* InteractionEndPoint.swift */; };
		39C95808287DB05C00A04A2B /* SettingEndPoint.swift in Sources */ = {isa = PBXBuildFile; fileRef = 39C95807287DB05C00A04A2B /* SettingEndPoint.swift */; };
		39C9580A287DC03500A04A2B /* Encodable+Extension.swift in Sources */ = {isa = PBXBuildFile; fileRef = 39C95809287DC03500A04A2B /* Encodable+Extension.swift */; };
		39CD581928C4BD9D00496E91 /* DetailStartingProtocol.swift in Sources */ = {isa = PBXBuildFile; fileRef = 39CD581828C4BD9D00496E91 /* DetailStartingProtocol.swift */; };
		39CD581B28C4BE8800496E91 /* DetailStartingAPI.swift in Sources */ = {isa = PBXBuildFile; fileRef = 39CD581A28C4BE8800496E91 /* DetailStartingAPI.swift */; };
		39CD581D28C4C03C00496E91 /* DetailDoneProtocol.swift in Sources */ = {isa = PBXBuildFile; fileRef = 39CD581C28C4C03B00496E91 /* DetailDoneProtocol.swift */; };
		39CD581F28C4C19100496E91 /* Memory.swift in Sources */ = {isa = PBXBuildFile; fileRef = 39CD581E28C4C19100496E91 /* Memory.swift */; };
		39CD582128C4C3E800496E91 /* DetailDoneAPI.swift in Sources */ = {isa = PBXBuildFile; fileRef = 39CD582028C4C3E800496E91 /* DetailDoneAPI.swift */; };
		39D95265285B097800183B09 /* CalendarView.swift in Sources */ = {isa = PBXBuildFile; fileRef = 39D95264285B097800183B09 /* CalendarView.swift */; };
		39E099AD287FC020004F464E /* LetterDTO.swift in Sources */ = {isa = PBXBuildFile; fileRef = 39E099AC287FC020004F464E /* LetterDTO.swift */; };
		39EEF65628CB3BB200437654 /* LoginProtocol.swift in Sources */ = {isa = PBXBuildFile; fileRef = 39EEF65528CB3BB200437654 /* LoginProtocol.swift */; };
		39EEF65828CB3C1100437654 /* Login.swift in Sources */ = {isa = PBXBuildFile; fileRef = 39EEF65728CB3C1100437654 /* Login.swift */; };
		39EEF65A28CB3C7B00437654 /* Token.swift in Sources */ = {isa = PBXBuildFile; fileRef = 39EEF65928CB3C7B00437654 /* Token.swift */; };
		39EEF65C28CB3CD600437654 /* LoginAPI.swift in Sources */ = {isa = PBXBuildFile; fileRef = 39EEF65B28CB3CD600437654 /* LoginAPI.swift */; };
		39EEF65E28CB3CFE00437654 /* LoginEndPoint.swift in Sources */ = {isa = PBXBuildFile; fileRef = 39EEF65D28CB3CFE00437654 /* LoginEndPoint.swift */; };
		39EEF66028CB3D6200437654 /* LoginDTO.swift in Sources */ = {isa = PBXBuildFile; fileRef = 39EEF65F28CB3D6200437654 /* LoginDTO.swift */; };
		7E0C5C362855B22700F698D1 /* CreateNickNameViewController.swift in Sources */ = {isa = PBXBuildFile; fileRef = 7E0C5C352855B22700F698D1 /* CreateNickNameViewController.swift */; };
		7E0C5C382855B73100F698D1 /* Splash.storyboard in Resources */ = {isa = PBXBuildFile; fileRef = 7E0C5C372855B73100F698D1 /* Splash.storyboard */; };
		7E15F67E28B35B3D00441305 /* TextLiteral.swift in Sources */ = {isa = PBXBuildFile; fileRef = 7E15F67D28B35B3D00441305 /* TextLiteral.swift */; };
		7E3058C62854B47F00489E6A /* InputNameView.swift in Sources */ = {isa = PBXBuildFile; fileRef = 7E3058C52854B47F00489E6A /* InputNameView.swift */; };
		7E3058C82854B64D00489E6A /* InputPersonView.swift in Sources */ = {isa = PBXBuildFile; fileRef = 7E3058C72854B64D00489E6A /* InputPersonView.swift */; };
		7E3058CA2854B7A900489E6A /* InputDateView.swift in Sources */ = {isa = PBXBuildFile; fileRef = 7E3058C92854B7A900489E6A /* InputDateView.swift */; };
		7E77DB0428BF9A6700E95D4B /* RoomProtocol.swift in Sources */ = {isa = PBXBuildFile; fileRef = 7E77DB0328BF9A6700E95D4B /* RoomProtocol.swift */; };
		7E77DB0628BF9C0600E95D4B /* VerificationCode.swift in Sources */ = {isa = PBXBuildFile; fileRef = 7E77DB0528BF9C0600E95D4B /* VerificationCode.swift */; };
		7E77DB0828BF9D2400E95D4B /* RoomAPI.swift in Sources */ = {isa = PBXBuildFile; fileRef = 7E77DB0728BF9D2400E95D4B /* RoomAPI.swift */; };
		7EA25C2728C4FEA800746AEA /* ChangeNickNameViewController.swift in Sources */ = {isa = PBXBuildFile; fileRef = 7EA25C2628C4FEA800746AEA /* ChangeNickNameViewController.swift */; };
		7ED845BA2876BE530075AC61 /* SettingViewTableCell.swift in Sources */ = {isa = PBXBuildFile; fileRef = 7ED845B92876BE530075AC61 /* SettingViewTableCell.swift */; };
		B50B1AF92856B2C60080992C /* CreateLetterViewController.swift in Sources */ = {isa = PBXBuildFile; fileRef = B50B1AF82856B2C60080992C /* CreateLetterViewController.swift */; };
		B50B1AFB2856B5180080992C /* IndividualMissionView.swift in Sources */ = {isa = PBXBuildFile; fileRef = B50B1AFA2856B5180080992C /* IndividualMissionView.swift */; };
		B50B1AFD2856C3500080992C /* LetterTextView.swift in Sources */ = {isa = PBXBuildFile; fileRef = B50B1AFC2856C3500080992C /* LetterTextView.swift */; };
		B50B1AFF2856D3820080992C /* LetterPhotoView.swift in Sources */ = {isa = PBXBuildFile; fileRef = B50B1AFE2856D3820080992C /* LetterPhotoView.swift */; };
		B50B1B0428596C900080992C /* SnapKit in Frameworks */ = {isa = PBXBuildFile; productRef = B50B1B0328596C900080992C /* SnapKit */; };
		B50B1B0728596CB10080992C /* FSCalendar in Frameworks */ = {isa = PBXBuildFile; productRef = B50B1B0628596CB10080992C /* FSCalendar */; };
		B50B1B2A285AB7650080992C /* SplashViewController.swift in Sources */ = {isa = PBXBuildFile; fileRef = B50B1B29285AB7650080992C /* SplashViewController.swift */; };
		B50B1B33285AC0970080992C /* Gifu in Frameworks */ = {isa = PBXBuildFile; productRef = B50B1B32285AC0970080992C /* Gifu */; };
		B50B1B3C285AD2B20080992C /* logo.gif in Resources */ = {isa = PBXBuildFile; fileRef = B50B1B3B285AD2B20080992C /* logo.gif */; };
		B50B1B3E285B04580080992C /* Interaction.storyboard in Resources */ = {isa = PBXBuildFile; fileRef = B50B1B3D285B04580080992C /* Interaction.storyboard */; };
		B50B1B41285B048A0080992C /* OpenManittoViewController.swift in Sources */ = {isa = PBXBuildFile; fileRef = B50B1B40285B048A0080992C /* OpenManittoViewController.swift */; };
		B50B1B44285B146A0080992C /* ManittoCollectionViewCell.swift in Sources */ = {isa = PBXBuildFile; fileRef = B50B1B43285B146A0080992C /* ManittoCollectionViewCell.swift */; };
		B517C04A28D1F7EC0008BED0 /* TokenEndPoint.swift in Sources */ = {isa = PBXBuildFile; fileRef = B517C04928D1F7EC0008BED0 /* TokenEndPoint.swift */; };
		B517C04C28D1FE5F0008BED0 /* TokenAPI.swift in Sources */ = {isa = PBXBuildFile; fileRef = B517C04B28D1FE5F0008BED0 /* TokenAPI.swift */; };
		B517C04E28D1FE660008BED0 /* TokenProtocol.swift in Sources */ = {isa = PBXBuildFile; fileRef = B517C04D28D1FE660008BED0 /* TokenProtocol.swift */; };
		B5E1F2AE285B2917006D880B /* Int+Extension.swift in Sources */ = {isa = PBXBuildFile; fileRef = B5E1F2AD285B2917006D880B /* Int+Extension.swift */; };
		B5E1F2B0285EBB31006D880B /* OpenManittoPopupViewController.swift in Sources */ = {isa = PBXBuildFile; fileRef = B5E1F2AF285EBB31006D880B /* OpenManittoPopupViewController.swift */; };
		B5E1F2B2285ECBDF006D880B /* SelectManittoViewController.swift in Sources */ = {isa = PBXBuildFile; fileRef = B5E1F2B1285ECBDF006D880B /* SelectManittoViewController.swift */; };
		B5E1F2B4285ECCD1006D880B /* joystick.gif in Resources */ = {isa = PBXBuildFile; fileRef = B5E1F2B3285ECCD1006D880B /* joystick.gif */; };
		B5E1F2B8285EE2B0006D880B /* capsule.gif in Resources */ = {isa = PBXBuildFile; fileRef = B5E1F2B7285EE2B0006D880B /* capsule.gif */; };
		B5F31BB028BE1CA700F61D0F /* UserDefaultStorage.swift in Sources */ = {isa = PBXBuildFile; fileRef = B5F31BAF28BE1CA700F61D0F /* UserDefaultStorage.swift */; };
		B5F31BB228BE1CD700F61D0F /* UserDefaultHandler.swift in Sources */ = {isa = PBXBuildFile; fileRef = B5F31BB128BE1CD700F61D0F /* UserDefaultHandler.swift */; };
		B5F31C5028BF922E00F61D0F /* LetterViewController+MailCompose.swift in Sources */ = {isa = PBXBuildFile; fileRef = B5F31C4F28BF922E00F61D0F /* LetterViewController+MailCompose.swift */; };
		B5F31C5228BFA64F00F61D0F /* LetterAPI.swift in Sources */ = {isa = PBXBuildFile; fileRef = B5F31C5128BFA64F00F61D0F /* LetterAPI.swift */; };
		B5F31C5428BFA70100F61D0F /* LetterProtocol.swift in Sources */ = {isa = PBXBuildFile; fileRef = B5F31C5328BFA70100F61D0F /* LetterProtocol.swift */; };
		B5F31C5628BFA87700F61D0F /* Requestable.swift in Sources */ = {isa = PBXBuildFile; fileRef = B5F31C5528BFA87700F61D0F /* Requestable.swift */; };
		B5F524CF28519AA000614FF7 /* AppDelegate.swift in Sources */ = {isa = PBXBuildFile; fileRef = B5F524CE28519AA000614FF7 /* AppDelegate.swift */; };
		B5F524D128519AA000614FF7 /* SceneDelegate.swift in Sources */ = {isa = PBXBuildFile; fileRef = B5F524D028519AA000614FF7 /* SceneDelegate.swift */; };
		B5F524D628519AA000614FF7 /* Main.storyboard in Resources */ = {isa = PBXBuildFile; fileRef = B5F524D428519AA000614FF7 /* Main.storyboard */; };
		B5F524D828519AA100614FF7 /* Assets.xcassets in Resources */ = {isa = PBXBuildFile; fileRef = B5F524D728519AA100614FF7 /* Assets.xcassets */; };
		B5F524DB28519AA100614FF7 /* LaunchScreen.storyboard in Resources */ = {isa = PBXBuildFile; fileRef = B5F524D928519AA100614FF7 /* LaunchScreen.storyboard */; };
		B5F524FB28519C2A00614FF7 /* MainViewController.swift in Sources */ = {isa = PBXBuildFile; fileRef = B5F524FA28519C2A00614FF7 /* MainViewController.swift */; };
		B5F524FD28519EEC00614FF7 /* UIColor+Extension.swift in Sources */ = {isa = PBXBuildFile; fileRef = B5F524FC28519EEC00614FF7 /* UIColor+Extension.swift */; };
		B5F524FF28519EF300614FF7 /* UIFont+Extension.swift in Sources */ = {isa = PBXBuildFile; fileRef = B5F524FE28519EF300614FF7 /* UIFont+Extension.swift */; };
		B5F5250128519EFB00614FF7 /* ImageLiteral.swift in Sources */ = {isa = PBXBuildFile; fileRef = B5F5250028519EFB00614FF7 /* ImageLiteral.swift */; };
		B5F5250428519F7A00614FF7 /* DungGeunMo.otf in Resources */ = {isa = PBXBuildFile; fileRef = B5F5250328519F7A00614FF7 /* DungGeunMo.otf */; };
		B5F525062851A05500614FF7 /* CreateRoomViewController.swift in Sources */ = {isa = PBXBuildFile; fileRef = B5F525052851A05500614FF7 /* CreateRoomViewController.swift */; };
		B5F525082851A05E00614FF7 /* InvitedCodeViewController.swift in Sources */ = {isa = PBXBuildFile; fileRef = B5F525072851A05E00614FF7 /* InvitedCodeViewController.swift */; };
		B5F5250A2851A06700614FF7 /* DetailWaitViewController.swift in Sources */ = {isa = PBXBuildFile; fileRef = B5F525092851A06700614FF7 /* DetailWaitViewController.swift */; };
		B5F5250C2851A07000614FF7 /* DetailIngViewController.swift in Sources */ = {isa = PBXBuildFile; fileRef = B5F5250B2851A07000614FF7 /* DetailIngViewController.swift */; };
		B5F5250E2851A07700614FF7 /* LetterViewController.swift in Sources */ = {isa = PBXBuildFile; fileRef = B5F5250D2851A07700614FF7 /* LetterViewController.swift */; };
		B5F525162851A0F600614FF7 /* DetailIng.storyboard in Resources */ = {isa = PBXBuildFile; fileRef = B5F525152851A0F600614FF7 /* DetailIng.storyboard */; };
		B5F5251A2851A12600614FF7 /* BaseViewController.swift in Sources */ = {isa = PBXBuildFile; fileRef = B5F525192851A12600614FF7 /* BaseViewController.swift */; };
		B5F5251C2851A19A00614FF7 /* BaseCollectionViewCell.swift in Sources */ = {isa = PBXBuildFile; fileRef = B5F5251B2851A19A00614FF7 /* BaseCollectionViewCell.swift */; };
		B5F5251E2851A1C700614FF7 /* BaseTableViewCell.swift in Sources */ = {isa = PBXBuildFile; fileRef = B5F5251D2851A1C700614FF7 /* BaseTableViewCell.swift */; };
		B5F525202851A21D00614FF7 /* UIViewController+Extension.swift in Sources */ = {isa = PBXBuildFile; fileRef = B5F5251F2851A21D00614FF7 /* UIViewController+Extension.swift */; };
		B5F525222851A24100614FF7 /* UITableView+Extension.swift in Sources */ = {isa = PBXBuildFile; fileRef = B5F525212851A24100614FF7 /* UITableView+Extension.swift */; };
		B5F525242851A25400614FF7 /* UICollectionView+Extension.swift in Sources */ = {isa = PBXBuildFile; fileRef = B5F525232851A25400614FF7 /* UICollectionView+Extension.swift */; };
		B5F525262851A26D00614FF7 /* NSObject+Extension.swift in Sources */ = {isa = PBXBuildFile; fileRef = B5F525252851A26D00614FF7 /* NSObject+Extension.swift */; };
		B5F525292851A2A400614FF7 /* Logger.swift in Sources */ = {isa = PBXBuildFile; fileRef = B5F525282851A2A400614FF7 /* Logger.swift */; };
		B5F5253128545E4C00614FF7 /* BackButton.swift in Sources */ = {isa = PBXBuildFile; fileRef = B5F5253028545E4C00614FF7 /* BackButton.swift */; };
		B5F5253528547F1900614FF7 /* LetterHeaderView.swift in Sources */ = {isa = PBXBuildFile; fileRef = B5F5253428547F1900614FF7 /* LetterHeaderView.swift */; };
		B5F52537285481C800614FF7 /* LetterCollectionViewCell.swift in Sources */ = {isa = PBXBuildFile; fileRef = B5F52536285481C800614FF7 /* LetterCollectionViewCell.swift */; };
		B5F525392854871E00614FF7 /* SendLetterView.swift in Sources */ = {isa = PBXBuildFile; fileRef = B5F525382854871E00614FF7 /* SendLetterView.swift */; };
		B5F5253B2854ABF200614FF7 /* MainButton.swift in Sources */ = {isa = PBXBuildFile; fileRef = B5F5253A2854ABF200614FF7 /* MainButton.swift */; };
		B5F5253D2854B8CB00614FF7 /* UIView+Extension.swift in Sources */ = {isa = PBXBuildFile; fileRef = B5F5253C2854B8CB00614FF7 /* UIView+Extension.swift */; };
		B5F525422855C97900614FF7 /* UILabel+Extension.swift in Sources */ = {isa = PBXBuildFile; fileRef = B5F525412855C97900614FF7 /* UILabel+Extension.swift */; };
		B5F525492855D01D00614FF7 /* Letter.swift in Sources */ = {isa = PBXBuildFile; fileRef = B5F525482855D01D00614FF7 /* Letter.swift */; };
		B5FEE9DB28C8498A00DEA07E /* ImageCacheManager.swift in Sources */ = {isa = PBXBuildFile; fileRef = B5FEE9DA28C8498A00DEA07E /* ImageCacheManager.swift */; };
		B5FEE9DD28C849B400DEA07E /* UIImageView+Cache.swift in Sources */ = {isa = PBXBuildFile; fileRef = B5FEE9DC28C849B400DEA07E /* UIImageView+Cache.swift */; };
		CB21C33928C4C10200128D25 /* CharacterCollectionViewCell.swift in Sources */ = {isa = PBXBuildFile; fileRef = CB21C33828C4C10200128D25 /* CharacterCollectionViewCell.swift */; };
		CB2F0FCB28A5468C005F04C8 /* gifMa.gif in Resources */ = {isa = PBXBuildFile; fileRef = CB2F0FC828A5468C005F04C8 /* gifMa.gif */; };
		CB2F0FCC28A5468C005F04C8 /* gifTto.gif in Resources */ = {isa = PBXBuildFile; fileRef = CB2F0FC928A5468C005F04C8 /* gifTto.gif */; };
		CB2F0FCD28A5468C005F04C8 /* gifNi.gif in Resources */ = {isa = PBXBuildFile; fileRef = CB2F0FCA28A5468C005F04C8 /* gifNi.gif */; };
		CB358C0228A564080084D001 /* SettingDeveloperInfoViewController.swift in Sources */ = {isa = PBXBuildFile; fileRef = CB358C0128A564080084D001 /* SettingDeveloperInfoViewController.swift */; };
		CB4C77E428C0D4C9007A1AD2 /* MainProtocol.swift in Sources */ = {isa = PBXBuildFile; fileRef = CB4C77E328C0D4C9007A1AD2 /* MainProtocol.swift */; };
		CB4C77E628C0D4EB007A1AD2 /* MainAPI.swift in Sources */ = {isa = PBXBuildFile; fileRef = CB4C77E528C0D4EB007A1AD2 /* MainAPI.swift */; };
		CB5AE3E4285AAF7400382EA3 /* RoomInfoView.swift in Sources */ = {isa = PBXBuildFile; fileRef = CB5AE3E3285AAF7400382EA3 /* RoomInfoView.swift */; };
		CB5AE3E6285AB76800382EA3 /* PeopleInfoView.swift in Sources */ = {isa = PBXBuildFile; fileRef = CB5AE3E5285AB76800382EA3 /* PeopleInfoView.swift */; };
		CB637A3B28595C1200FF1240 /* ParticipateRoomViewController.swift in Sources */ = {isa = PBXBuildFile; fileRef = CB637A3A28595C1200FF1240 /* ParticipateRoomViewController.swift */; };
		CB674C1C285966020063A6B7 /* InputInvitedCodeView.swift in Sources */ = {isa = PBXBuildFile; fileRef = CB674C1B285966020063A6B7 /* InputInvitedCodeView.swift */; };
		CB674C2128596A310063A6B7 /* CheckRoomViewController.swift in Sources */ = {isa = PBXBuildFile; fileRef = CB674C2028596A310063A6B7 /* CheckRoomViewController.swift */; };
		CB7B23A828C4ECA8004A4CF3 /* Character.swift in Sources */ = {isa = PBXBuildFile; fileRef = CB7B23A728C4ECA8004A4CF3 /* Character.swift */; };
		CB85DE1F28A76F3400399109 /* SettingDeveloperInfoHeaderView.swift in Sources */ = {isa = PBXBuildFile; fileRef = CB85DE1E28A76F3400399109 /* SettingDeveloperInfoHeaderView.swift */; };
		CB9592B22855C09A00847751 /* ManitoRoomCollectionCell.swift in Sources */ = {isa = PBXBuildFile; fileRef = CB9592B12855C09A00847751 /* ManitoRoomCollectionCell.swift */; };
		CB9592B52855D52700847751 /* CommonMissonView.swift in Sources */ = {isa = PBXBuildFile; fileRef = CB9592B42855D52700847751 /* CommonMissonView.swift */; };
		CBA15C94285CE1A80051EDE2 /* ChooseCharacterViewController.swift in Sources */ = {isa = PBXBuildFile; fileRef = CBA15C93285CE1A80051EDE2 /* ChooseCharacterViewController.swift */; };
		CBA4D7A42856CE9F0018BDC2 /* CreateRoomCollectionViewCell.swift in Sources */ = {isa = PBXBuildFile; fileRef = CBA4D7A32856CE9F0018BDC2 /* CreateRoomCollectionViewCell.swift */; };
		CBA4D7A62856D48C0018BDC2 /* RoomStateView.swift in Sources */ = {isa = PBXBuildFile; fileRef = CBA4D7A52856D48C0018BDC2 /* RoomStateView.swift */; };
		CBBFF77C287AE491006A5964 /* DeveloperInfoViewCell.swift in Sources */ = {isa = PBXBuildFile; fileRef = CBBFF77B287AE491006A5964 /* DeveloperInfoViewCell.swift */; };
		D724AF5D287088310003F280 /* SettingViewController.swift in Sources */ = {isa = PBXBuildFile; fileRef = D724AF5C287088310003F280 /* SettingViewController.swift */; };
		D724AF5F28708D830003F280 /* ImageRowView.swift in Sources */ = {isa = PBXBuildFile; fileRef = D724AF5E28708D830003F280 /* ImageRowView.swift */; };
		D739C36328C7B69D00161117 /* SettingProtocol.swift in Sources */ = {isa = PBXBuildFile; fileRef = D739C36228C7B69D00161117 /* SettingProtocol.swift */; };
		D739C36528C7B75400161117 /* SettingAPI.swift in Sources */ = {isa = PBXBuildFile; fileRef = D739C36428C7B75400161117 /* SettingAPI.swift */; };
		D739C36728C7B82500161117 /* NicknameDTO.swift in Sources */ = {isa = PBXBuildFile; fileRef = D739C36628C7B82500161117 /* NicknameDTO.swift */; };
		D75E8C7F28D76FFB004A6C41 /* LetterCountBadgeView.swift in Sources */ = {isa = PBXBuildFile; fileRef = D75E8C7E28D76FFB004A6C41 /* LetterCountBadgeView.swift */; };
		D77224DF285DDAB7008B760B /* Notification+Extension.swift in Sources */ = {isa = PBXBuildFile; fileRef = D77224DE285DDAB7008B760B /* Notification+Extension.swift */; };
		D777D2C928C7780E008655BD /* UrlLiteral.swift in Sources */ = {isa = PBXBuildFile; fileRef = D777D2C828C7780E008655BD /* UrlLiteral.swift */; };
		D7B6C97C2858B2D40024F326 /* CheckRoomView.swift in Sources */ = {isa = PBXBuildFile; fileRef = D7B6C97B2858B2D40024F326 /* CheckRoomView.swift */; };
/* End PBXBuildFile section */

/* Begin PBXFileReference section */
		333BF66528571CF00039F77F /* FriendCollectionViewCell.swift */ = {isa = PBXFileReference; lastKnownFileType = sourcecode.swift; path = FriendCollectionViewCell.swift; sourceTree = "<group>"; };
		333BF669285864CE0039F77F /* MemoryViewController.swift */ = {isa = PBXFileReference; lastKnownFileType = sourcecode.swift; path = MemoryViewController.swift; sourceTree = "<group>"; };
		33BDF5612856E03800564211 /* FriendListViewController.swift */ = {isa = PBXFileReference; lastKnownFileType = sourcecode.swift; path = FriendListViewController.swift; sourceTree = "<group>"; };
		39018F4128C4708A00C78DBA /* UIButton+Extension.swift */ = {isa = PBXFileReference; lastKnownFileType = sourcecode.swift; path = "UIButton+Extension.swift"; sourceTree = "<group>"; };
		391B3002286198C200421F1D /* Size.swift */ = {isa = PBXFileReference; lastKnownFileType = sourcecode.swift; path = Size.swift; sourceTree = "<group>"; };
		392EC77D2855C388006918A9 /* SettingButton.swift */ = {isa = PBXFileReference; lastKnownFileType = sourcecode.swift; path = SettingButton.swift; sourceTree = "<group>"; };
		392EC7802855D17D006918A9 /* DetailWaitTitleView.swift */ = {isa = PBXFileReference; lastKnownFileType = sourcecode.swift; path = DetailWaitTitleView.swift; sourceTree = "<group>"; };
		397A241328BA516B00454E4F /* DetailWaitAPI.swift */ = {isa = PBXFileReference; lastKnownFileType = sourcecode.swift; path = DetailWaitAPI.swift; sourceTree = "<group>"; };
		397A241728BA51B400454E4F /* DetailWaitProtocol.swift */ = {isa = PBXFileReference; lastKnownFileType = sourcecode.swift; path = DetailWaitProtocol.swift; sourceTree = "<group>"; };
		397A241928BA532A00454E4F /* FriendList.swift */ = {isa = PBXFileReference; lastKnownFileType = sourcecode.swift; path = FriendList.swift; sourceTree = "<group>"; };
		399D17AA2856C83B00F50D9D /* DetailEditViewController.swift */ = {isa = PBXFileReference; lastKnownFileType = sourcecode.swift; path = DetailEditViewController.swift; sourceTree = "<group>"; };
		39C957CD2876E2ED00A04A2B /* LoginViewController.swift */ = {isa = PBXFileReference; lastKnownFileType = sourcecode.swift; path = LoginViewController.swift; sourceTree = "<group>"; };
		39C957CF2879521400A04A2B /* String+Extension.swift */ = {isa = PBXFileReference; lastKnownFileType = sourcecode.swift; path = "String+Extension.swift"; sourceTree = "<group>"; };
		39C957D12879523200A04A2B /* Date+Extension.swift */ = {isa = PBXFileReference; lastKnownFileType = sourcecode.swift; path = "Date+Extension.swift"; sourceTree = "<group>"; };
		39C957D528799AB900A04A2B /* HTTPMethod.swift */ = {isa = PBXFileReference; lastKnownFileType = sourcecode.swift; path = HTTPMethod.swift; sourceTree = "<group>"; };
		39C957D728799DB900A04A2B /* NetworkError.swift */ = {isa = PBXFileReference; lastKnownFileType = sourcecode.swift; path = NetworkError.swift; sourceTree = "<group>"; };
		39C957DC2879A2B600A04A2B /* Room.swift */ = {isa = PBXFileReference; lastKnownFileType = sourcecode.swift; path = Room.swift; sourceTree = "<group>"; };
		39C957DE2879A35300A04A2B /* RoomDTO.swift */ = {isa = PBXFileReference; lastKnownFileType = sourcecode.swift; path = RoomDTO.swift; sourceTree = "<group>"; };
		39C957E02879A3CF00A04A2B /* DailyMission.swift */ = {isa = PBXFileReference; lastKnownFileType = sourcecode.swift; path = DailyMission.swift; sourceTree = "<group>"; };
		39C957EC287AE4D100A04A2B /* MainEndPoint.swift */ = {isa = PBXFileReference; lastKnownFileType = sourcecode.swift; path = MainEndPoint.swift; sourceTree = "<group>"; };
		39C957EE287AEBB400A04A2B /* Endpointable.swift */ = {isa = PBXFileReference; lastKnownFileType = sourcecode.swift; path = Endpointable.swift; sourceTree = "<group>"; };
		39C957F0287D984900A04A2B /* APIEnvironment.swift */ = {isa = PBXFileReference; lastKnownFileType = sourcecode.swift; path = APIEnvironment.swift; sourceTree = "<group>"; };
		39C957F3287D9EB400A04A2B /* APIService.swift */ = {isa = PBXFileReference; lastKnownFileType = sourcecode.swift; path = APIService.swift; sourceTree = "<group>"; };
		39C957F5287D9ED000A04A2B /* NetworkRequest.swift */ = {isa = PBXFileReference; lastKnownFileType = sourcecode.swift; path = NetworkRequest.swift; sourceTree = "<group>"; };
		39C957FB287DAAFA00A04A2B /* DetailWaitEndPoint.swift */ = {isa = PBXFileReference; lastKnownFileType = sourcecode.swift; path = DetailWaitEndPoint.swift; sourceTree = "<group>"; };
		39C957FD287DAB6D00A04A2B /* DetailIngEndPoint.swift */ = {isa = PBXFileReference; lastKnownFileType = sourcecode.swift; path = DetailIngEndPoint.swift; sourceTree = "<group>"; };
		39C957FF287DAC2900A04A2B /* DetailDoneEndPoint.swift */ = {isa = PBXFileReference; lastKnownFileType = sourcecode.swift; path = DetailDoneEndPoint.swift; sourceTree = "<group>"; };
		39C95801287DACC300A04A2B /* RoomEndPoint.swift */ = {isa = PBXFileReference; lastKnownFileType = sourcecode.swift; path = RoomEndPoint.swift; sourceTree = "<group>"; };
		39C95803287DAD3000A04A2B /* LetterEndPoint.swift */ = {isa = PBXFileReference; lastKnownFileType = sourcecode.swift; path = LetterEndPoint.swift; sourceTree = "<group>"; };
		39C95805287DAE5700A04A2B /* InteractionEndPoint.swift */ = {isa = PBXFileReference; lastKnownFileType = sourcecode.swift; path = InteractionEndPoint.swift; sourceTree = "<group>"; };
		39C95807287DB05C00A04A2B /* SettingEndPoint.swift */ = {isa = PBXFileReference; lastKnownFileType = sourcecode.swift; path = SettingEndPoint.swift; sourceTree = "<group>"; };
		39C95809287DC03500A04A2B /* Encodable+Extension.swift */ = {isa = PBXFileReference; lastKnownFileType = sourcecode.swift; path = "Encodable+Extension.swift"; sourceTree = "<group>"; };
		39CD581828C4BD9D00496E91 /* DetailStartingProtocol.swift */ = {isa = PBXFileReference; lastKnownFileType = sourcecode.swift; path = DetailStartingProtocol.swift; sourceTree = "<group>"; };
		39CD581A28C4BE8800496E91 /* DetailStartingAPI.swift */ = {isa = PBXFileReference; lastKnownFileType = sourcecode.swift; path = DetailStartingAPI.swift; sourceTree = "<group>"; };
		39CD581C28C4C03B00496E91 /* DetailDoneProtocol.swift */ = {isa = PBXFileReference; lastKnownFileType = sourcecode.swift; path = DetailDoneProtocol.swift; sourceTree = "<group>"; };
		39CD581E28C4C19100496E91 /* Memory.swift */ = {isa = PBXFileReference; lastKnownFileType = sourcecode.swift; path = Memory.swift; sourceTree = "<group>"; };
		39CD582028C4C3E800496E91 /* DetailDoneAPI.swift */ = {isa = PBXFileReference; lastKnownFileType = sourcecode.swift; path = DetailDoneAPI.swift; sourceTree = "<group>"; };
		39D95264285B097800183B09 /* CalendarView.swift */ = {isa = PBXFileReference; lastKnownFileType = sourcecode.swift; path = CalendarView.swift; sourceTree = "<group>"; };
		39E099AC287FC020004F464E /* LetterDTO.swift */ = {isa = PBXFileReference; lastKnownFileType = sourcecode.swift; path = LetterDTO.swift; sourceTree = "<group>"; };
		39E6321328BDE59C00CFC6C4 /* Manito.entitlements */ = {isa = PBXFileReference; lastKnownFileType = text.plist.entitlements; path = Manito.entitlements; sourceTree = "<group>"; };
		39EEF65528CB3BB200437654 /* LoginProtocol.swift */ = {isa = PBXFileReference; lastKnownFileType = sourcecode.swift; path = LoginProtocol.swift; sourceTree = "<group>"; };
		39EEF65728CB3C1100437654 /* Login.swift */ = {isa = PBXFileReference; lastKnownFileType = sourcecode.swift; path = Login.swift; sourceTree = "<group>"; };
		39EEF65928CB3C7B00437654 /* Token.swift */ = {isa = PBXFileReference; lastKnownFileType = sourcecode.swift; path = Token.swift; sourceTree = "<group>"; };
		39EEF65B28CB3CD600437654 /* LoginAPI.swift */ = {isa = PBXFileReference; lastKnownFileType = sourcecode.swift; path = LoginAPI.swift; sourceTree = "<group>"; };
		39EEF65D28CB3CFE00437654 /* LoginEndPoint.swift */ = {isa = PBXFileReference; lastKnownFileType = sourcecode.swift; path = LoginEndPoint.swift; sourceTree = "<group>"; };
		39EEF65F28CB3D6200437654 /* LoginDTO.swift */ = {isa = PBXFileReference; lastKnownFileType = sourcecode.swift; path = LoginDTO.swift; sourceTree = "<group>"; };
		7E0C5C352855B22700F698D1 /* CreateNickNameViewController.swift */ = {isa = PBXFileReference; lastKnownFileType = sourcecode.swift; path = CreateNickNameViewController.swift; sourceTree = "<group>"; };
		7E0C5C372855B73100F698D1 /* Splash.storyboard */ = {isa = PBXFileReference; lastKnownFileType = file.storyboard; path = Splash.storyboard; sourceTree = "<group>"; };
		7E15F67D28B35B3D00441305 /* TextLiteral.swift */ = {isa = PBXFileReference; lastKnownFileType = sourcecode.swift; path = TextLiteral.swift; sourceTree = "<group>"; };
		7E3058C52854B47F00489E6A /* InputNameView.swift */ = {isa = PBXFileReference; lastKnownFileType = sourcecode.swift; path = InputNameView.swift; sourceTree = "<group>"; };
		7E3058C72854B64D00489E6A /* InputPersonView.swift */ = {isa = PBXFileReference; lastKnownFileType = sourcecode.swift; path = InputPersonView.swift; sourceTree = "<group>"; };
		7E3058C92854B7A900489E6A /* InputDateView.swift */ = {isa = PBXFileReference; lastKnownFileType = sourcecode.swift; path = InputDateView.swift; sourceTree = "<group>"; };
		7E77DB0328BF9A6700E95D4B /* RoomProtocol.swift */ = {isa = PBXFileReference; lastKnownFileType = sourcecode.swift; path = RoomProtocol.swift; sourceTree = "<group>"; };
		7E77DB0528BF9C0600E95D4B /* VerificationCode.swift */ = {isa = PBXFileReference; lastKnownFileType = sourcecode.swift; path = VerificationCode.swift; sourceTree = "<group>"; };
		7E77DB0728BF9D2400E95D4B /* RoomAPI.swift */ = {isa = PBXFileReference; lastKnownFileType = sourcecode.swift; path = RoomAPI.swift; sourceTree = "<group>"; };
		7EA25C2628C4FEA800746AEA /* ChangeNickNameViewController.swift */ = {isa = PBXFileReference; lastKnownFileType = sourcecode.swift; path = ChangeNickNameViewController.swift; sourceTree = "<group>"; };
		7ED845B92876BE530075AC61 /* SettingViewTableCell.swift */ = {isa = PBXFileReference; lastKnownFileType = sourcecode.swift; path = SettingViewTableCell.swift; sourceTree = "<group>"; };
		B50B1AF82856B2C60080992C /* CreateLetterViewController.swift */ = {isa = PBXFileReference; lastKnownFileType = sourcecode.swift; path = CreateLetterViewController.swift; sourceTree = "<group>"; };
		B50B1AFA2856B5180080992C /* IndividualMissionView.swift */ = {isa = PBXFileReference; lastKnownFileType = sourcecode.swift; path = IndividualMissionView.swift; sourceTree = "<group>"; };
		B50B1AFC2856C3500080992C /* LetterTextView.swift */ = {isa = PBXFileReference; lastKnownFileType = sourcecode.swift; path = LetterTextView.swift; sourceTree = "<group>"; };
		B50B1AFE2856D3820080992C /* LetterPhotoView.swift */ = {isa = PBXFileReference; lastKnownFileType = sourcecode.swift; path = LetterPhotoView.swift; sourceTree = "<group>"; };
		B50B1B29285AB7650080992C /* SplashViewController.swift */ = {isa = PBXFileReference; lastKnownFileType = sourcecode.swift; path = SplashViewController.swift; sourceTree = "<group>"; };
		B50B1B3B285AD2B20080992C /* logo.gif */ = {isa = PBXFileReference; lastKnownFileType = image.gif; path = logo.gif; sourceTree = "<group>"; };
		B50B1B3D285B04580080992C /* Interaction.storyboard */ = {isa = PBXFileReference; lastKnownFileType = file.storyboard; path = Interaction.storyboard; sourceTree = "<group>"; };
		B50B1B40285B048A0080992C /* OpenManittoViewController.swift */ = {isa = PBXFileReference; lastKnownFileType = sourcecode.swift; path = OpenManittoViewController.swift; sourceTree = "<group>"; };
		B50B1B43285B146A0080992C /* ManittoCollectionViewCell.swift */ = {isa = PBXFileReference; lastKnownFileType = sourcecode.swift; path = ManittoCollectionViewCell.swift; sourceTree = "<group>"; };
		B517C04928D1F7EC0008BED0 /* TokenEndPoint.swift */ = {isa = PBXFileReference; lastKnownFileType = sourcecode.swift; path = TokenEndPoint.swift; sourceTree = "<group>"; };
		B517C04B28D1FE5F0008BED0 /* TokenAPI.swift */ = {isa = PBXFileReference; lastKnownFileType = sourcecode.swift; path = TokenAPI.swift; sourceTree = "<group>"; };
		B517C04D28D1FE660008BED0 /* TokenProtocol.swift */ = {isa = PBXFileReference; lastKnownFileType = sourcecode.swift; path = TokenProtocol.swift; sourceTree = "<group>"; };
		B5E1F2AD285B2917006D880B /* Int+Extension.swift */ = {isa = PBXFileReference; lastKnownFileType = sourcecode.swift; path = "Int+Extension.swift"; sourceTree = "<group>"; };
		B5E1F2AF285EBB31006D880B /* OpenManittoPopupViewController.swift */ = {isa = PBXFileReference; lastKnownFileType = sourcecode.swift; path = OpenManittoPopupViewController.swift; sourceTree = "<group>"; };
		B5E1F2B1285ECBDF006D880B /* SelectManittoViewController.swift */ = {isa = PBXFileReference; lastKnownFileType = sourcecode.swift; path = SelectManittoViewController.swift; sourceTree = "<group>"; };
		B5E1F2B3285ECCD1006D880B /* joystick.gif */ = {isa = PBXFileReference; lastKnownFileType = image.gif; path = joystick.gif; sourceTree = "<group>"; };
		B5E1F2B7285EE2B0006D880B /* capsule.gif */ = {isa = PBXFileReference; lastKnownFileType = image.gif; path = capsule.gif; sourceTree = "<group>"; };
		B5F31BAF28BE1CA700F61D0F /* UserDefaultStorage.swift */ = {isa = PBXFileReference; lastKnownFileType = sourcecode.swift; path = UserDefaultStorage.swift; sourceTree = "<group>"; };
		B5F31BB128BE1CD700F61D0F /* UserDefaultHandler.swift */ = {isa = PBXFileReference; lastKnownFileType = sourcecode.swift; path = UserDefaultHandler.swift; sourceTree = "<group>"; };
		B5F31C4F28BF922E00F61D0F /* LetterViewController+MailCompose.swift */ = {isa = PBXFileReference; lastKnownFileType = sourcecode.swift; path = "LetterViewController+MailCompose.swift"; sourceTree = "<group>"; };
		B5F31C5128BFA64F00F61D0F /* LetterAPI.swift */ = {isa = PBXFileReference; lastKnownFileType = sourcecode.swift; path = LetterAPI.swift; sourceTree = "<group>"; };
		B5F31C5328BFA70100F61D0F /* LetterProtocol.swift */ = {isa = PBXFileReference; lastKnownFileType = sourcecode.swift; path = LetterProtocol.swift; sourceTree = "<group>"; };
		B5F31C5528BFA87700F61D0F /* Requestable.swift */ = {isa = PBXFileReference; lastKnownFileType = sourcecode.swift; path = Requestable.swift; sourceTree = "<group>"; };
		B5F524CB28519AA000614FF7 /* Manito.app */ = {isa = PBXFileReference; explicitFileType = wrapper.application; includeInIndex = 0; path = Manito.app; sourceTree = BUILT_PRODUCTS_DIR; };
		B5F524CE28519AA000614FF7 /* AppDelegate.swift */ = {isa = PBXFileReference; lastKnownFileType = sourcecode.swift; path = AppDelegate.swift; sourceTree = "<group>"; };
		B5F524D028519AA000614FF7 /* SceneDelegate.swift */ = {isa = PBXFileReference; lastKnownFileType = sourcecode.swift; path = SceneDelegate.swift; sourceTree = "<group>"; };
		B5F524D528519AA000614FF7 /* Base */ = {isa = PBXFileReference; lastKnownFileType = file.storyboard; name = Base; path = Base.lproj/Main.storyboard; sourceTree = "<group>"; };
		B5F524D728519AA100614FF7 /* Assets.xcassets */ = {isa = PBXFileReference; lastKnownFileType = folder.assetcatalog; path = Assets.xcassets; sourceTree = "<group>"; };
		B5F524DA28519AA100614FF7 /* Base */ = {isa = PBXFileReference; lastKnownFileType = file.storyboard; name = Base; path = Base.lproj/LaunchScreen.storyboard; sourceTree = "<group>"; };
		B5F524DC28519AA100614FF7 /* Info.plist */ = {isa = PBXFileReference; lastKnownFileType = text.plist.xml; path = Info.plist; sourceTree = "<group>"; };
		B5F524FA28519C2A00614FF7 /* MainViewController.swift */ = {isa = PBXFileReference; lastKnownFileType = sourcecode.swift; path = MainViewController.swift; sourceTree = "<group>"; };
		B5F524FC28519EEC00614FF7 /* UIColor+Extension.swift */ = {isa = PBXFileReference; lastKnownFileType = sourcecode.swift; path = "UIColor+Extension.swift"; sourceTree = "<group>"; };
		B5F524FE28519EF300614FF7 /* UIFont+Extension.swift */ = {isa = PBXFileReference; lastKnownFileType = sourcecode.swift; path = "UIFont+Extension.swift"; sourceTree = "<group>"; };
		B5F5250028519EFB00614FF7 /* ImageLiteral.swift */ = {isa = PBXFileReference; lastKnownFileType = sourcecode.swift; path = ImageLiteral.swift; sourceTree = "<group>"; };
		B5F5250328519F7A00614FF7 /* DungGeunMo.otf */ = {isa = PBXFileReference; lastKnownFileType = file; path = DungGeunMo.otf; sourceTree = "<group>"; };
		B5F525052851A05500614FF7 /* CreateRoomViewController.swift */ = {isa = PBXFileReference; lastKnownFileType = sourcecode.swift; path = CreateRoomViewController.swift; sourceTree = "<group>"; };
		B5F525072851A05E00614FF7 /* InvitedCodeViewController.swift */ = {isa = PBXFileReference; lastKnownFileType = sourcecode.swift; path = InvitedCodeViewController.swift; sourceTree = "<group>"; };
		B5F525092851A06700614FF7 /* DetailWaitViewController.swift */ = {isa = PBXFileReference; lastKnownFileType = sourcecode.swift; path = DetailWaitViewController.swift; sourceTree = "<group>"; };
		B5F5250B2851A07000614FF7 /* DetailIngViewController.swift */ = {isa = PBXFileReference; lastKnownFileType = sourcecode.swift; path = DetailIngViewController.swift; sourceTree = "<group>"; };
		B5F5250D2851A07700614FF7 /* LetterViewController.swift */ = {isa = PBXFileReference; lastKnownFileType = sourcecode.swift; path = LetterViewController.swift; sourceTree = "<group>"; };
		B5F525152851A0F600614FF7 /* DetailIng.storyboard */ = {isa = PBXFileReference; lastKnownFileType = file.storyboard; path = DetailIng.storyboard; sourceTree = "<group>"; };
		B5F525192851A12600614FF7 /* BaseViewController.swift */ = {isa = PBXFileReference; lastKnownFileType = sourcecode.swift; path = BaseViewController.swift; sourceTree = "<group>"; };
		B5F5251B2851A19A00614FF7 /* BaseCollectionViewCell.swift */ = {isa = PBXFileReference; lastKnownFileType = sourcecode.swift; path = BaseCollectionViewCell.swift; sourceTree = "<group>"; };
		B5F5251D2851A1C700614FF7 /* BaseTableViewCell.swift */ = {isa = PBXFileReference; lastKnownFileType = sourcecode.swift; path = BaseTableViewCell.swift; sourceTree = "<group>"; };
		B5F5251F2851A21D00614FF7 /* UIViewController+Extension.swift */ = {isa = PBXFileReference; lastKnownFileType = sourcecode.swift; path = "UIViewController+Extension.swift"; sourceTree = "<group>"; };
		B5F525212851A24100614FF7 /* UITableView+Extension.swift */ = {isa = PBXFileReference; lastKnownFileType = sourcecode.swift; path = "UITableView+Extension.swift"; sourceTree = "<group>"; };
		B5F525232851A25400614FF7 /* UICollectionView+Extension.swift */ = {isa = PBXFileReference; lastKnownFileType = sourcecode.swift; path = "UICollectionView+Extension.swift"; sourceTree = "<group>"; };
		B5F525252851A26D00614FF7 /* NSObject+Extension.swift */ = {isa = PBXFileReference; lastKnownFileType = sourcecode.swift; path = "NSObject+Extension.swift"; sourceTree = "<group>"; };
		B5F525282851A2A400614FF7 /* Logger.swift */ = {isa = PBXFileReference; lastKnownFileType = sourcecode.swift; path = Logger.swift; sourceTree = "<group>"; };
		B5F5253028545E4C00614FF7 /* BackButton.swift */ = {isa = PBXFileReference; lastKnownFileType = sourcecode.swift; path = BackButton.swift; sourceTree = "<group>"; };
		B5F5253428547F1900614FF7 /* LetterHeaderView.swift */ = {isa = PBXFileReference; lastKnownFileType = sourcecode.swift; path = LetterHeaderView.swift; sourceTree = "<group>"; };
		B5F52536285481C800614FF7 /* LetterCollectionViewCell.swift */ = {isa = PBXFileReference; lastKnownFileType = sourcecode.swift; path = LetterCollectionViewCell.swift; sourceTree = "<group>"; };
		B5F525382854871E00614FF7 /* SendLetterView.swift */ = {isa = PBXFileReference; lastKnownFileType = sourcecode.swift; path = SendLetterView.swift; sourceTree = "<group>"; };
		B5F5253A2854ABF200614FF7 /* MainButton.swift */ = {isa = PBXFileReference; lastKnownFileType = sourcecode.swift; path = MainButton.swift; sourceTree = "<group>"; };
		B5F5253C2854B8CB00614FF7 /* UIView+Extension.swift */ = {isa = PBXFileReference; lastKnownFileType = sourcecode.swift; path = "UIView+Extension.swift"; sourceTree = "<group>"; };
		B5F525412855C97900614FF7 /* UILabel+Extension.swift */ = {isa = PBXFileReference; lastKnownFileType = sourcecode.swift; path = "UILabel+Extension.swift"; sourceTree = "<group>"; };
		B5F525482855D01D00614FF7 /* Letter.swift */ = {isa = PBXFileReference; lastKnownFileType = sourcecode.swift; path = Letter.swift; sourceTree = "<group>"; };
		B5FEE9DA28C8498A00DEA07E /* ImageCacheManager.swift */ = {isa = PBXFileReference; lastKnownFileType = sourcecode.swift; path = ImageCacheManager.swift; sourceTree = "<group>"; };
		B5FEE9DC28C849B400DEA07E /* UIImageView+Cache.swift */ = {isa = PBXFileReference; lastKnownFileType = sourcecode.swift; path = "UIImageView+Cache.swift"; sourceTree = "<group>"; };
		CB21C33828C4C10200128D25 /* CharacterCollectionViewCell.swift */ = {isa = PBXFileReference; lastKnownFileType = sourcecode.swift; path = CharacterCollectionViewCell.swift; sourceTree = "<group>"; };
		CB2F0FC828A5468C005F04C8 /* gifMa.gif */ = {isa = PBXFileReference; lastKnownFileType = image.gif; path = gifMa.gif; sourceTree = "<group>"; };
		CB2F0FC928A5468C005F04C8 /* gifTto.gif */ = {isa = PBXFileReference; lastKnownFileType = image.gif; path = gifTto.gif; sourceTree = "<group>"; };
		CB2F0FCA28A5468C005F04C8 /* gifNi.gif */ = {isa = PBXFileReference; lastKnownFileType = image.gif; path = gifNi.gif; sourceTree = "<group>"; };
		CB358C0128A564080084D001 /* SettingDeveloperInfoViewController.swift */ = {isa = PBXFileReference; lastKnownFileType = sourcecode.swift; path = SettingDeveloperInfoViewController.swift; sourceTree = "<group>"; };
		CB4C77E328C0D4C9007A1AD2 /* MainProtocol.swift */ = {isa = PBXFileReference; lastKnownFileType = sourcecode.swift; path = MainProtocol.swift; sourceTree = "<group>"; };
		CB4C77E528C0D4EB007A1AD2 /* MainAPI.swift */ = {isa = PBXFileReference; lastKnownFileType = sourcecode.swift; path = MainAPI.swift; sourceTree = "<group>"; };
		CB5AE3E3285AAF7400382EA3 /* RoomInfoView.swift */ = {isa = PBXFileReference; lastKnownFileType = sourcecode.swift; path = RoomInfoView.swift; sourceTree = "<group>"; };
		CB5AE3E5285AB76800382EA3 /* PeopleInfoView.swift */ = {isa = PBXFileReference; lastKnownFileType = sourcecode.swift; path = PeopleInfoView.swift; sourceTree = "<group>"; };
		CB637A3A28595C1200FF1240 /* ParticipateRoomViewController.swift */ = {isa = PBXFileReference; lastKnownFileType = sourcecode.swift; path = ParticipateRoomViewController.swift; sourceTree = "<group>"; };
		CB674C1B285966020063A6B7 /* InputInvitedCodeView.swift */ = {isa = PBXFileReference; lastKnownFileType = sourcecode.swift; path = InputInvitedCodeView.swift; sourceTree = "<group>"; };
		CB674C2028596A310063A6B7 /* CheckRoomViewController.swift */ = {isa = PBXFileReference; lastKnownFileType = sourcecode.swift; path = CheckRoomViewController.swift; sourceTree = "<group>"; };
		CB7B23A728C4ECA8004A4CF3 /* Character.swift */ = {isa = PBXFileReference; lastKnownFileType = sourcecode.swift; path = Character.swift; sourceTree = "<group>"; };
		CB85DE1E28A76F3400399109 /* SettingDeveloperInfoHeaderView.swift */ = {isa = PBXFileReference; lastKnownFileType = sourcecode.swift; path = SettingDeveloperInfoHeaderView.swift; sourceTree = "<group>"; };
		CB9592B12855C09A00847751 /* ManitoRoomCollectionCell.swift */ = {isa = PBXFileReference; lastKnownFileType = sourcecode.swift; path = ManitoRoomCollectionCell.swift; sourceTree = "<group>"; };
		CB9592B42855D52700847751 /* CommonMissonView.swift */ = {isa = PBXFileReference; lastKnownFileType = sourcecode.swift; path = CommonMissonView.swift; sourceTree = "<group>"; };
		CBA15C93285CE1A80051EDE2 /* ChooseCharacterViewController.swift */ = {isa = PBXFileReference; lastKnownFileType = sourcecode.swift; path = ChooseCharacterViewController.swift; sourceTree = "<group>"; };
		CBA4D7A32856CE9F0018BDC2 /* CreateRoomCollectionViewCell.swift */ = {isa = PBXFileReference; lastKnownFileType = sourcecode.swift; path = CreateRoomCollectionViewCell.swift; sourceTree = "<group>"; };
		CBA4D7A52856D48C0018BDC2 /* RoomStateView.swift */ = {isa = PBXFileReference; lastKnownFileType = sourcecode.swift; path = RoomStateView.swift; sourceTree = "<group>"; };
		CBBFF77B287AE491006A5964 /* DeveloperInfoViewCell.swift */ = {isa = PBXFileReference; lastKnownFileType = sourcecode.swift; path = DeveloperInfoViewCell.swift; sourceTree = "<group>"; };
		D724AF5C287088310003F280 /* SettingViewController.swift */ = {isa = PBXFileReference; lastKnownFileType = sourcecode.swift; path = SettingViewController.swift; sourceTree = "<group>"; };
		D724AF5E28708D830003F280 /* ImageRowView.swift */ = {isa = PBXFileReference; lastKnownFileType = sourcecode.swift; path = ImageRowView.swift; sourceTree = "<group>"; };
		D739C36228C7B69D00161117 /* SettingProtocol.swift */ = {isa = PBXFileReference; lastKnownFileType = sourcecode.swift; path = SettingProtocol.swift; sourceTree = "<group>"; };
		D739C36428C7B75400161117 /* SettingAPI.swift */ = {isa = PBXFileReference; lastKnownFileType = sourcecode.swift; path = SettingAPI.swift; sourceTree = "<group>"; };
		D739C36628C7B82500161117 /* NicknameDTO.swift */ = {isa = PBXFileReference; lastKnownFileType = sourcecode.swift; path = NicknameDTO.swift; sourceTree = "<group>"; };
		D75E8C7E28D76FFB004A6C41 /* LetterCountBadgeView.swift */ = {isa = PBXFileReference; lastKnownFileType = sourcecode.swift; path = LetterCountBadgeView.swift; sourceTree = "<group>"; };
		D77224DE285DDAB7008B760B /* Notification+Extension.swift */ = {isa = PBXFileReference; lastKnownFileType = sourcecode.swift; path = "Notification+Extension.swift"; sourceTree = "<group>"; };
		D777D2C828C7780E008655BD /* UrlLiteral.swift */ = {isa = PBXFileReference; lastKnownFileType = sourcecode.swift; path = UrlLiteral.swift; sourceTree = "<group>"; };
		D7B6C97B2858B2D40024F326 /* CheckRoomView.swift */ = {isa = PBXFileReference; lastKnownFileType = sourcecode.swift; path = CheckRoomView.swift; sourceTree = "<group>"; };
/* End PBXFileReference section */

/* Begin PBXFrameworksBuildPhase section */
		B5F524C828519AA000614FF7 /* Frameworks */ = {
			isa = PBXFrameworksBuildPhase;
			buildActionMask = 2147483647;
			files = (
				B50B1B0428596C900080992C /* SnapKit in Frameworks */,
				B50B1B0728596CB10080992C /* FSCalendar in Frameworks */,
				B50B1B33285AC0970080992C /* Gifu in Frameworks */,
			);
			runOnlyForDeploymentPostprocessing = 0;
		};
/* End PBXFrameworksBuildPhase section */

/* Begin PBXGroup section */
		333BF66428571C850039F77F /* Cell */ = {
			isa = PBXGroup;
			children = (
				333BF66528571CF00039F77F /* FriendCollectionViewCell.swift */,
			);
			path = Cell;
			sourceTree = "<group>";
		};
		392EC77F2855D107006918A9 /* UIComponent */ = {
			isa = PBXGroup;
			children = (
				392EC7802855D17D006918A9 /* DetailWaitTitleView.swift */,
				39D95264285B097800183B09 /* CalendarView.swift */,
			);
			path = UIComponent;
			sourceTree = "<group>";
		};
		397A241128BA513E00454E4F /* API */ = {
			isa = PBXGroup;
			children = (
				397A241328BA516B00454E4F /* DetailWaitAPI.swift */,
				7E77DB0728BF9D2400E95D4B /* RoomAPI.swift */,
				39CD581A28C4BE8800496E91 /* DetailStartingAPI.swift */,
				39CD582028C4C3E800496E91 /* DetailDoneAPI.swift */,
				CB4C77E528C0D4EB007A1AD2 /* MainAPI.swift */,
				B5F31C5128BFA64F00F61D0F /* LetterAPI.swift */,
				39EEF65B28CB3CD600437654 /* LoginAPI.swift */,
				D739C36428C7B75400161117 /* SettingAPI.swift */,
				B517C04B28D1FE5F0008BED0 /* TokenAPI.swift */,
			);
			path = API;
			sourceTree = "<group>";
		};
		397A241528BA519200454E4F /* Protocol */ = {
			isa = PBXGroup;
			children = (
				397A241728BA51B400454E4F /* DetailWaitProtocol.swift */,
				7E77DB0328BF9A6700E95D4B /* RoomProtocol.swift */,
				39CD581828C4BD9D00496E91 /* DetailStartingProtocol.swift */,
				39CD581C28C4C03B00496E91 /* DetailDoneProtocol.swift */,
				CB4C77E328C0D4C9007A1AD2 /* MainProtocol.swift */,
				B5F31C5328BFA70100F61D0F /* LetterProtocol.swift */,
				39EEF65528CB3BB200437654 /* LoginProtocol.swift */,
				D739C36228C7B69D00161117 /* SettingProtocol.swift */,
				B517C04D28D1FE660008BED0 /* TokenProtocol.swift */,
			);
			path = Protocol;
			sourceTree = "<group>";
		};
		39C957CC2876E2BE00A04A2B /* Login */ = {
			isa = PBXGroup;
			children = (
				39C957CD2876E2ED00A04A2B /* LoginViewController.swift */,
			);
			path = Login;
			sourceTree = "<group>";
		};
		39C957D328799A8200A04A2B /* Service */ = {
			isa = PBXGroup;
			children = (
				39C957D528799AB900A04A2B /* HTTPMethod.swift */,
				39C957D728799DB900A04A2B /* NetworkError.swift */,
				39C957EE287AEBB400A04A2B /* Endpointable.swift */,
				39C957F0287D984900A04A2B /* APIEnvironment.swift */,
				39C957F3287D9EB400A04A2B /* APIService.swift */,
				39C957F5287D9ED000A04A2B /* NetworkRequest.swift */,
				B5F31C5528BFA87700F61D0F /* Requestable.swift */,
			);
			path = Service;
			sourceTree = "<group>";
		};
		39C957EA287AE45900A04A2B /* EndPoint */ = {
			isa = PBXGroup;
			children = (
				39C957EC287AE4D100A04A2B /* MainEndPoint.swift */,
				39C957FB287DAAFA00A04A2B /* DetailWaitEndPoint.swift */,
				39C957FD287DAB6D00A04A2B /* DetailIngEndPoint.swift */,
				39C957FF287DAC2900A04A2B /* DetailDoneEndPoint.swift */,
				39C95801287DACC300A04A2B /* RoomEndPoint.swift */,
				39C95803287DAD3000A04A2B /* LetterEndPoint.swift */,
				39C95805287DAE5700A04A2B /* InteractionEndPoint.swift */,
				39C95807287DB05C00A04A2B /* SettingEndPoint.swift */,
				39EEF65D28CB3CFE00437654 /* LoginEndPoint.swift */,
				B517C04928D1F7EC0008BED0 /* TokenEndPoint.swift */,
			);
			path = EndPoint;
			sourceTree = "<group>";
		};
		39E099AB287FBFD2004F464E /* Request */ = {
			isa = PBXGroup;
			children = (
				39C957DE2879A35300A04A2B /* RoomDTO.swift */,
				39E099AC287FC020004F464E /* LetterDTO.swift */,
				39EEF65F28CB3D6200437654 /* LoginDTO.swift */,
			);
			path = Request;
			sourceTree = "<group>";
		};
		7E0C5C342855B1EF00F698D1 /* CreateNickName */ = {
			isa = PBXGroup;
			children = (
				7E0C5C352855B22700F698D1 /* CreateNickNameViewController.swift */,
			);
			path = CreateNickName;
			sourceTree = "<group>";
		};
		7E3058C42854B45300489E6A /* Component */ = {
			isa = PBXGroup;
			children = (
				7E3058C52854B47F00489E6A /* InputNameView.swift */,
				7E3058C72854B64D00489E6A /* InputPersonView.swift */,
				7E3058C92854B7A900489E6A /* InputDateView.swift */,
				D7B6C97B2858B2D40024F326 /* CheckRoomView.swift */,
			);
			path = Component;
			sourceTree = "<group>";
		};
		B50B1B28285AB7550080992C /* Splash */ = {
			isa = PBXGroup;
			children = (
				B50B1B29285AB7650080992C /* SplashViewController.swift */,
			);
			path = Splash;
			sourceTree = "<group>";
		};
		B50B1B36285AC28B0080992C /* GIFs */ = {
			isa = PBXGroup;
			children = (
				B5E1F2B7285EE2B0006D880B /* capsule.gif */,
				B5E1F2B3285ECCD1006D880B /* joystick.gif */,
				B50B1B3B285AD2B20080992C /* logo.gif */,
				CB2F0FC828A5468C005F04C8 /* gifMa.gif */,
				CB2F0FCA28A5468C005F04C8 /* gifNi.gif */,
				CB2F0FC928A5468C005F04C8 /* gifTto.gif */,
			);
			path = GIFs;
			sourceTree = "<group>";
		};
		B50B1B3F285B047C0080992C /* Interaction */ = {
			isa = PBXGroup;
			children = (
				B50B1B42285B14550080992C /* Cell */,
				B50B1B40285B048A0080992C /* OpenManittoViewController.swift */,
				B5E1F2AF285EBB31006D880B /* OpenManittoPopupViewController.swift */,
				B5E1F2B1285ECBDF006D880B /* SelectManittoViewController.swift */,
			);
			path = Interaction;
			sourceTree = "<group>";
		};
		B50B1B42285B14550080992C /* Cell */ = {
			isa = PBXGroup;
			children = (
				B50B1B43285B146A0080992C /* ManittoCollectionViewCell.swift */,
			);
			path = Cell;
			sourceTree = "<group>";
		};
		B5F31BAE28BE1C7900F61D0F /* Storage */ = {
			isa = PBXGroup;
			children = (
				B5F31BAF28BE1CA700F61D0F /* UserDefaultStorage.swift */,
				B5F31BB128BE1CD700F61D0F /* UserDefaultHandler.swift */,
			);
			path = Storage;
			sourceTree = "<group>";
		};
		B5F524C228519AA000614FF7 = {
			isa = PBXGroup;
			children = (
				B5F524CD28519AA000614FF7 /* Manito */,
				B5F524CC28519AA000614FF7 /* Products */,
			);
			sourceTree = "<group>";
		};
		B5F524CC28519AA000614FF7 /* Products */ = {
			isa = PBXGroup;
			children = (
				B5F524CB28519AA000614FF7 /* Manito.app */,
			);
			name = Products;
			sourceTree = "<group>";
		};
		B5F524CD28519AA000614FF7 /* Manito */ = {
			isa = PBXGroup;
			children = (
				B5F525462855D00B00614FF7 /* Network */,
				B5F524E328519AC300614FF7 /* Screens */,
				B5F524E428519AC600614FF7 /* Global */,
			);
			path = Manito;
			sourceTree = "<group>";
		};
		B5F524E328519AC300614FF7 /* Screens */ = {
			isa = PBXGroup;
			children = (
				CBBFF775287AE034006A5964 /* SettingDeveloperInfo */,
				D724AF5B287088110003F280 /* Setting */,
				B50B1B28285AB7550080992C /* Splash */,
				39C957CC2876E2BE00A04A2B /* Login */,
				7E0C5C342855B1EF00F698D1 /* CreateNickName */,
				B5F524E628519B0A00614FF7 /* Main */,
				B50B1B3F285B047C0080992C /* Interaction */,
				CBA15C91285CE1880051EDE2 /* ChooseCharacter */,
				CB637A3828595BE400FF1240 /* ParticipateRoom */,
				CB674C1F285969F10063A6B7 /* CheckRoom */,
				B5F524EA28519B4B00614FF7 /* Letter */,
				B5F524E928519B3F00614FF7 /* Detail-Ing */,
				B5F524E828519B2F00614FF7 /* Detail-Wait */,
				B5F524E728519B0E00614FF7 /* InvitedCode */,
				B5F524E528519ACA00614FF7 /* CreateRoom */,
			);
			path = Screens;
			sourceTree = "<group>";
		};
		B5F524E428519AC600614FF7 /* Global */ = {
			isa = PBXGroup;
			children = (
				B5F525272851A29C00614FF7 /* Utils */,
				B5F524F828519BC700614FF7 /* Literal */,
				B5F524F728519BC400614FF7 /* Base */,
				B5F524F628519BC000614FF7 /* Protocol */,
				B5F524F528519BB700614FF7 /* Supports */,
				B5F524F428519BB500614FF7 /* Extension */,
				B5F524F328519BB100614FF7 /* UIComponent */,
				B5F524F228519BA700614FF7 /* Resource */,
			);
			path = Global;
			sourceTree = "<group>";
		};
		B5F524E528519ACA00614FF7 /* CreateRoom */ = {
			isa = PBXGroup;
			children = (
				7E3058C42854B45300489E6A /* Component */,
				B5F525052851A05500614FF7 /* CreateRoomViewController.swift */,
			);
			path = CreateRoom;
			sourceTree = "<group>";
		};
		B5F524E628519B0A00614FF7 /* Main */ = {
			isa = PBXGroup;
			children = (
				CB9592B32855D51100847751 /* UIComponent */,
				CB9592B02855BFDD00847751 /* Cell */,
				B5F524FA28519C2A00614FF7 /* MainViewController.swift */,
			);
			path = Main;
			sourceTree = "<group>";
		};
		B5F524E728519B0E00614FF7 /* InvitedCode */ = {
			isa = PBXGroup;
			children = (
				B5F525072851A05E00614FF7 /* InvitedCodeViewController.swift */,
			);
			path = InvitedCode;
			sourceTree = "<group>";
		};
		B5F524E828519B2F00614FF7 /* Detail-Wait */ = {
			isa = PBXGroup;
			children = (
				392EC77F2855D107006918A9 /* UIComponent */,
				B5F525092851A06700614FF7 /* DetailWaitViewController.swift */,
				399D17AA2856C83B00F50D9D /* DetailEditViewController.swift */,
			);
			path = "Detail-Wait";
			sourceTree = "<group>";
		};
		B5F524E928519B3F00614FF7 /* Detail-Ing */ = {
			isa = PBXGroup;
			children = (
				D75E8C7D28D76FB1004A6C41 /* UIcomponent */,
				333BF66428571C850039F77F /* Cell */,
				B5F5250B2851A07000614FF7 /* DetailIngViewController.swift */,
				33BDF5612856E03800564211 /* FriendListViewController.swift */,
				333BF669285864CE0039F77F /* MemoryViewController.swift */,
			);
			path = "Detail-Ing";
			sourceTree = "<group>";
		};
		B5F524EA28519B4B00614FF7 /* Letter */ = {
			isa = PBXGroup;
			children = (
				B5F5253328547EE000614FF7 /* UIComponent */,
				B5F5253228547CAF00614FF7 /* Cell */,
				B5F5250D2851A07700614FF7 /* LetterViewController.swift */,
				B5F31C4F28BF922E00F61D0F /* LetterViewController+MailCompose.swift */,
				B50B1AF82856B2C60080992C /* CreateLetterViewController.swift */,
			);
			path = Letter;
			sourceTree = "<group>";
		};
		B5F524F228519BA700614FF7 /* Resource */ = {
			isa = PBXGroup;
			children = (
				B50B1B36285AC28B0080992C /* GIFs */,
				B5F5250228519F6A00614FF7 /* Fonts */,
				B5F524D728519AA100614FF7 /* Assets.xcassets */,
				B5F524F928519BD600614FF7 /* Storyboards */,
			);
			path = Resource;
			sourceTree = "<group>";
		};
		B5F524F328519BB100614FF7 /* UIComponent */ = {
			isa = PBXGroup;
			children = (
				392EC77D2855C388006918A9 /* SettingButton.swift */,
				B5F5253028545E4C00614FF7 /* BackButton.swift */,
				B5F5253A2854ABF200614FF7 /* MainButton.swift */,
			);
			path = UIComponent;
			sourceTree = "<group>";
		};
		B5F524F428519BB500614FF7 /* Extension */ = {
			isa = PBXGroup;
			children = (
				B5F524FC28519EEC00614FF7 /* UIColor+Extension.swift */,
				B5F524FE28519EF300614FF7 /* UIFont+Extension.swift */,
				B5F5251F2851A21D00614FF7 /* UIViewController+Extension.swift */,
				B5F525212851A24100614FF7 /* UITableView+Extension.swift */,
				B5F525232851A25400614FF7 /* UICollectionView+Extension.swift */,
				B5F525252851A26D00614FF7 /* NSObject+Extension.swift */,
				B5F5253C2854B8CB00614FF7 /* UIView+Extension.swift */,
				B5F525412855C97900614FF7 /* UILabel+Extension.swift */,
				D77224DE285DDAB7008B760B /* Notification+Extension.swift */,
				B5E1F2AD285B2917006D880B /* Int+Extension.swift */,
				39C95809287DC03500A04A2B /* Encodable+Extension.swift */,
				39C957CF2879521400A04A2B /* String+Extension.swift */,
				39C957D12879523200A04A2B /* Date+Extension.swift */,
				39018F4128C4708A00C78DBA /* UIButton+Extension.swift */,
			);
			path = Extension;
			sourceTree = "<group>";
		};
		B5F524F528519BB700614FF7 /* Supports */ = {
			isa = PBXGroup;
			children = (
				39E6321328BDE59C00CFC6C4 /* Manito.entitlements */,
				B5F524DC28519AA100614FF7 /* Info.plist */,
				B5F524CE28519AA000614FF7 /* AppDelegate.swift */,
				B5F524D028519AA000614FF7 /* SceneDelegate.swift */,
			);
			path = Supports;
			sourceTree = "<group>";
		};
		B5F524F628519BC000614FF7 /* Protocol */ = {
			isa = PBXGroup;
			children = (
			);
			path = Protocol;
			sourceTree = "<group>";
		};
		B5F524F728519BC400614FF7 /* Base */ = {
			isa = PBXGroup;
			children = (
				B5F525192851A12600614FF7 /* BaseViewController.swift */,
				B5F5251B2851A19A00614FF7 /* BaseCollectionViewCell.swift */,
				B5F5251D2851A1C700614FF7 /* BaseTableViewCell.swift */,
			);
			path = Base;
			sourceTree = "<group>";
		};
		B5F524F828519BC700614FF7 /* Literal */ = {
			isa = PBXGroup;
			children = (
				B5F5250028519EFB00614FF7 /* ImageLiteral.swift */,
				391B3002286198C200421F1D /* Size.swift */,
				CB7B23A728C4ECA8004A4CF3 /* Character.swift */,
				7E15F67D28B35B3D00441305 /* TextLiteral.swift */,
				D777D2C828C7780E008655BD /* UrlLiteral.swift */,
			);
			path = Literal;
			sourceTree = "<group>";
		};
		B5F524F928519BD600614FF7 /* Storyboards */ = {
			isa = PBXGroup;
			children = (
				7E0C5C372855B73100F698D1 /* Splash.storyboard */,
				B5F524D428519AA000614FF7 /* Main.storyboard */,
				B5F524D928519AA100614FF7 /* LaunchScreen.storyboard */,
				B5F525152851A0F600614FF7 /* DetailIng.storyboard */,
				B50B1B3D285B04580080992C /* Interaction.storyboard */,
			);
			path = Storyboards;
			sourceTree = "<group>";
		};
		B5F5250228519F6A00614FF7 /* Fonts */ = {
			isa = PBXGroup;
			children = (
				B5F5250328519F7A00614FF7 /* DungGeunMo.otf */,
			);
			path = Fonts;
			sourceTree = "<group>";
		};
		B5F525272851A29C00614FF7 /* Utils */ = {
			isa = PBXGroup;
			children = (
				B5F525282851A2A400614FF7 /* Logger.swift */,
				B5FEE9DA28C8498A00DEA07E /* ImageCacheManager.swift */,
				B5FEE9DC28C849B400DEA07E /* UIImageView+Cache.swift */,
			);
			path = Utils;
			sourceTree = "<group>";
		};
		B5F5253228547CAF00614FF7 /* Cell */ = {
			isa = PBXGroup;
			children = (
				B5F52536285481C800614FF7 /* LetterCollectionViewCell.swift */,
			);
			path = Cell;
			sourceTree = "<group>";
		};
		B5F5253328547EE000614FF7 /* UIComponent */ = {
			isa = PBXGroup;
			children = (
				B5F5253428547F1900614FF7 /* LetterHeaderView.swift */,
				B5F525382854871E00614FF7 /* SendLetterView.swift */,
				B50B1AFA2856B5180080992C /* IndividualMissionView.swift */,
				B50B1AFC2856C3500080992C /* LetterTextView.swift */,
				B50B1AFE2856D3820080992C /* LetterPhotoView.swift */,
			);
			path = UIComponent;
			sourceTree = "<group>";
		};
		B5F525462855D00B00614FF7 /* Network */ = {
			isa = PBXGroup;
			children = (
				B5F31BAE28BE1C7900F61D0F /* Storage */,
				397A241528BA519200454E4F /* Protocol */,
				397A241128BA513E00454E4F /* API */,
				39C957EA287AE45900A04A2B /* EndPoint */,
				39C957D328799A8200A04A2B /* Service */,
				B5F525472855D01200614FF7 /* Models */,
			);
			path = Network;
			sourceTree = "<group>";
		};
		B5F525472855D01200614FF7 /* Models */ = {
			isa = PBXGroup;
			children = (
				39E099AB287FBFD2004F464E /* Request */,
				B5F525482855D01D00614FF7 /* Letter.swift */,
				39C957DC2879A2B600A04A2B /* Room.swift */,
				7E77DB0528BF9C0600E95D4B /* VerificationCode.swift */,
				39C957E02879A3CF00A04A2B /* DailyMission.swift */,
				397A241928BA532A00454E4F /* FriendList.swift */,
				39CD581E28C4C19100496E91 /* Memory.swift */,
				39EEF65728CB3C1100437654 /* Login.swift */,
				39EEF65928CB3C7B00437654 /* Token.swift */,
				D739C36628C7B82500161117 /* NicknameDTO.swift */,
			);
			path = Models;
			sourceTree = "<group>";
		};
		CB5AE3E2285AAF2E00382EA3 /* UIComponent */ = {
			isa = PBXGroup;
			children = (
				CB5AE3E3285AAF7400382EA3 /* RoomInfoView.swift */,
				CB5AE3E5285AB76800382EA3 /* PeopleInfoView.swift */,
			);
			path = UIComponent;
			sourceTree = "<group>";
		};
		CB637A3828595BE400FF1240 /* ParticipateRoom */ = {
			isa = PBXGroup;
			children = (
				CB637A3928595BF900FF1240 /* UIComponent */,
				CB637A3A28595C1200FF1240 /* ParticipateRoomViewController.swift */,
			);
			path = ParticipateRoom;
			sourceTree = "<group>";
		};
		CB637A3928595BF900FF1240 /* UIComponent */ = {
			isa = PBXGroup;
			children = (
				CB674C1B285966020063A6B7 /* InputInvitedCodeView.swift */,
			);
			path = UIComponent;
			sourceTree = "<group>";
		};
		CB674C1F285969F10063A6B7 /* CheckRoom */ = {
			isa = PBXGroup;
			children = (
				CB5AE3E2285AAF2E00382EA3 /* UIComponent */,
				CB674C2028596A310063A6B7 /* CheckRoomViewController.swift */,
			);
			path = CheckRoom;
			sourceTree = "<group>";
		};
		CB85DE1D28A76F1A00399109 /* UIComponent */ = {
			isa = PBXGroup;
			children = (
				CB85DE1E28A76F3400399109 /* SettingDeveloperInfoHeaderView.swift */,
			);
			path = UIComponent;
			sourceTree = "<group>";
		};
		CB9592B02855BFDD00847751 /* Cell */ = {
			isa = PBXGroup;
			children = (
				CB9592B12855C09A00847751 /* ManitoRoomCollectionCell.swift */,
				CBA4D7A32856CE9F0018BDC2 /* CreateRoomCollectionViewCell.swift */,
			);
			path = Cell;
			sourceTree = "<group>";
		};
		CB9592B32855D51100847751 /* UIComponent */ = {
			isa = PBXGroup;
			children = (
				CB9592B42855D52700847751 /* CommonMissonView.swift */,
				CBA4D7A52856D48C0018BDC2 /* RoomStateView.swift */,
			);
			path = UIComponent;
			sourceTree = "<group>";
		};
		CBA15C91285CE1880051EDE2 /* ChooseCharacter */ = {
			isa = PBXGroup;
			children = (
				CBA15C92285CE18F0051EDE2 /* UIComponent */,
				CBA15C93285CE1A80051EDE2 /* ChooseCharacterViewController.swift */,
			);
			path = ChooseCharacter;
			sourceTree = "<group>";
		};
		CBA15C92285CE18F0051EDE2 /* UIComponent */ = {
			isa = PBXGroup;
			children = (
				CB21C33828C4C10200128D25 /* CharacterCollectionViewCell.swift */,
			);
			path = UIComponent;
			sourceTree = "<group>";
		};
		CBBFF775287AE034006A5964 /* SettingDeveloperInfo */ = {
			isa = PBXGroup;
			children = (
				CB85DE1D28A76F1A00399109 /* UIComponent */,
				CBBFF776287AE03F006A5964 /* Cell */,
				CB358C0128A564080084D001 /* SettingDeveloperInfoViewController.swift */,
			);
			path = SettingDeveloperInfo;
			sourceTree = "<group>";
		};
		CBBFF776287AE03F006A5964 /* Cell */ = {
			isa = PBXGroup;
			children = (
				CBBFF77B287AE491006A5964 /* DeveloperInfoViewCell.swift */,
			);
			path = Cell;
			sourceTree = "<group>";
		};
		D724AF5B287088110003F280 /* Setting */ = {
			isa = PBXGroup;
			children = (
				D75ECB6E28A5EDC400A5B271 /* Component */,
				D75ECB6D28A5EDBC00A5B271 /* Cell */,
				D724AF5C287088310003F280 /* SettingViewController.swift */,
				7EA25C2628C4FEA800746AEA /* ChangeNickNameViewController.swift */,
			);
			path = Setting;
			sourceTree = "<group>";
		};
		D75E8C7D28D76FB1004A6C41 /* UIcomponent */ = {
			isa = PBXGroup;
			children = (
				D75E8C7E28D76FFB004A6C41 /* LetterCountBadgeView.swift */,
			);
			path = UIcomponent;
			sourceTree = "<group>";
		};
		D75ECB6D28A5EDBC00A5B271 /* Cell */ = {
			isa = PBXGroup;
			children = (
				7ED845B92876BE530075AC61 /* SettingViewTableCell.swift */,
			);
			path = Cell;
			sourceTree = "<group>";
		};
		D75ECB6E28A5EDC400A5B271 /* Component */ = {
			isa = PBXGroup;
			children = (
				D724AF5E28708D830003F280 /* ImageRowView.swift */,
			);
			path = Component;
			sourceTree = "<group>";
		};
/* End PBXGroup section */

/* Begin PBXNativeTarget section */
		B5F524CA28519AA000614FF7 /* Manito */ = {
			isa = PBXNativeTarget;
			buildConfigurationList = B5F524DF28519AA100614FF7 /* Build configuration list for PBXNativeTarget "Manito" */;
			buildPhases = (
				B5F524C728519AA000614FF7 /* Sources */,
				B5F524C828519AA000614FF7 /* Frameworks */,
				B5F524C928519AA000614FF7 /* Resources */,
			);
			buildRules = (
			);
			dependencies = (
			);
			name = Manito;
			packageProductDependencies = (
				B50B1B0328596C900080992C /* SnapKit */,
				B50B1B0628596CB10080992C /* FSCalendar */,
				B50B1B32285AC0970080992C /* Gifu */,
			);
			productName = Manito;
			productReference = B5F524CB28519AA000614FF7 /* Manito.app */;
			productType = "com.apple.product-type.application";
		};
/* End PBXNativeTarget section */

/* Begin PBXProject section */
		B5F524C328519AA000614FF7 /* Project object */ = {
			isa = PBXProject;
			attributes = {
				BuildIndependentTargetsInParallel = 1;
				LastSwiftUpdateCheck = 1320;
				LastUpgradeCheck = 1320;
				TargetAttributes = {
					B5F524CA28519AA000614FF7 = {
						CreatedOnToolsVersion = 13.2.1;
					};
				};
			};
			buildConfigurationList = B5F524C628519AA000614FF7 /* Build configuration list for PBXProject "Manito" */;
			compatibilityVersion = "Xcode 13.0";
			developmentRegion = en;
			hasScannedForEncodings = 0;
			knownRegions = (
				en,
				Base,
			);
			mainGroup = B5F524C228519AA000614FF7;
			packageReferences = (
				B50B1B0228596C900080992C /* XCRemoteSwiftPackageReference "SnapKit" */,
				B50B1B0528596CB10080992C /* XCRemoteSwiftPackageReference "FSCalendar" */,
				B50B1B31285AC0970080992C /* XCRemoteSwiftPackageReference "Gifu" */,
			);
			productRefGroup = B5F524CC28519AA000614FF7 /* Products */;
			projectDirPath = "";
			projectRoot = "";
			targets = (
				B5F524CA28519AA000614FF7 /* Manito */,
			);
		};
/* End PBXProject section */

/* Begin PBXResourcesBuildPhase section */
		B5F524C928519AA000614FF7 /* Resources */ = {
			isa = PBXResourcesBuildPhase;
			buildActionMask = 2147483647;
			files = (
				CB2F0FCB28A5468C005F04C8 /* gifMa.gif in Resources */,
				CB2F0FCD28A5468C005F04C8 /* gifNi.gif in Resources */,
				B50B1B3C285AD2B20080992C /* logo.gif in Resources */,
				7E0C5C382855B73100F698D1 /* Splash.storyboard in Resources */,
				B5F524DB28519AA100614FF7 /* LaunchScreen.storyboard in Resources */,
				B5F524D828519AA100614FF7 /* Assets.xcassets in Resources */,
				B5F525162851A0F600614FF7 /* DetailIng.storyboard in Resources */,
				B5F5250428519F7A00614FF7 /* DungGeunMo.otf in Resources */,
				CB2F0FCC28A5468C005F04C8 /* gifTto.gif in Resources */,
				B50B1B3E285B04580080992C /* Interaction.storyboard in Resources */,
				B5E1F2B8285EE2B0006D880B /* capsule.gif in Resources */,
				B5F524D628519AA000614FF7 /* Main.storyboard in Resources */,
				B5E1F2B4285ECCD1006D880B /* joystick.gif in Resources */,
			);
			runOnlyForDeploymentPostprocessing = 0;
		};
/* End PBXResourcesBuildPhase section */

/* Begin PBXSourcesBuildPhase section */
		B5F524C728519AA000614FF7 /* Sources */ = {
			isa = PBXSourcesBuildPhase;
			buildActionMask = 2147483647;
			files = (
				D75E8C7F28D76FFB004A6C41 /* LetterCountBadgeView.swift in Sources */,
				CBA4D7A62856D48C0018BDC2 /* RoomStateView.swift in Sources */,
				333BF66628571CF00039F77F /* FriendCollectionViewCell.swift in Sources */,
				39D95265285B097800183B09 /* CalendarView.swift in Sources */,
				39EEF65828CB3C1100437654 /* Login.swift in Sources */,
				39C957ED287AE4D100A04A2B /* MainEndPoint.swift in Sources */,
				39C957EF287AEBB400A04A2B /* Endpointable.swift in Sources */,
				B5F525292851A2A400614FF7 /* Logger.swift in Sources */,
				B50B1AFF2856D3820080992C /* LetterPhotoView.swift in Sources */,
				397A241A28BA532A00454E4F /* FriendList.swift in Sources */,
				B5F31C5628BFA87700F61D0F /* Requestable.swift in Sources */,
				397A241028BA494100454E4F /* APIEnvironment.swift in Sources */,
				CBBFF77C287AE491006A5964 /* DeveloperInfoViewCell.swift in Sources */,
				B517C04E28D1FE660008BED0 /* TokenProtocol.swift in Sources */,
				392EC7812855D17D006918A9 /* DetailWaitTitleView.swift in Sources */,
				7E3058C82854B64D00489E6A /* InputPersonView.swift in Sources */,
				CBA15C94285CE1A80051EDE2 /* ChooseCharacterViewController.swift in Sources */,
				39EEF65E28CB3CFE00437654 /* LoginEndPoint.swift in Sources */,
				392EC77E2855C388006918A9 /* SettingButton.swift in Sources */,
				39C957FC287DAAFA00A04A2B /* DetailWaitEndPoint.swift in Sources */,
				CB674C2128596A310063A6B7 /* CheckRoomViewController.swift in Sources */,
				39EEF65628CB3BB200437654 /* LoginProtocol.swift in Sources */,
				39C9580A287DC03500A04A2B /* Encodable+Extension.swift in Sources */,
				B50B1AFB2856B5180080992C /* IndividualMissionView.swift in Sources */,
				B5F525492855D01D00614FF7 /* Letter.swift in Sources */,
				B5F524FB28519C2A00614FF7 /* MainViewController.swift in Sources */,
				7E3058C62854B47F00489E6A /* InputNameView.swift in Sources */,
				B5F5250128519EFB00614FF7 /* ImageLiteral.swift in Sources */,
				39C957D828799DB900A04A2B /* NetworkError.swift in Sources */,
				39CD581B28C4BE8800496E91 /* DetailStartingAPI.swift in Sources */,
				39C957D22879523200A04A2B /* Date+Extension.swift in Sources */,
				B5F5250A2851A06700614FF7 /* DetailWaitViewController.swift in Sources */,
				39C957D02879521400A04A2B /* String+Extension.swift in Sources */,
				399D17AB2856C83B00F50D9D /* DetailEditViewController.swift in Sources */,
				7E15F67E28B35B3D00441305 /* TextLiteral.swift in Sources */,
				39C957DD2879A2B600A04A2B /* Room.swift in Sources */,
				B5F525422855C97900614FF7 /* UILabel+Extension.swift in Sources */,
				CB21C33928C4C10200128D25 /* CharacterCollectionViewCell.swift in Sources */,
				39EEF65A28CB3C7B00437654 /* Token.swift in Sources */,
				39C95804287DAD3000A04A2B /* LetterEndPoint.swift in Sources */,
				7E77DB0828BF9D2400E95D4B /* RoomAPI.swift in Sources */,
				B50B1B44285B146A0080992C /* ManittoCollectionViewCell.swift in Sources */,
				B5F5253128545E4C00614FF7 /* BackButton.swift in Sources */,
				39C957D628799AB900A04A2B /* HTTPMethod.swift in Sources */,
				B5F525392854871E00614FF7 /* SendLetterView.swift in Sources */,
				B5F525202851A21D00614FF7 /* UIViewController+Extension.swift in Sources */,
				7ED845BA2876BE530075AC61 /* SettingViewTableCell.swift in Sources */,
				B517C04A28D1F7EC0008BED0 /* TokenEndPoint.swift in Sources */,
				39C957DF2879A35300A04A2B /* RoomDTO.swift in Sources */,
				39C95808287DB05C00A04A2B /* SettingEndPoint.swift in Sources */,
				39C957F4287D9EB400A04A2B /* APIService.swift in Sources */,
				B5F524CF28519AA000614FF7 /* AppDelegate.swift in Sources */,
				B5E1F2B2285ECBDF006D880B /* SelectManittoViewController.swift in Sources */,
				397A241828BA51B400454E4F /* DetailWaitProtocol.swift in Sources */,
				7EA25C2728C4FEA800746AEA /* ChangeNickNameViewController.swift in Sources */,
				D724AF5F28708D830003F280 /* ImageRowView.swift in Sources */,
				333BF66A285864CE0039F77F /* MemoryViewController.swift in Sources */,
				B5F5251E2851A1C700614FF7 /* BaseTableViewCell.swift in Sources */,
				39C957F6287D9ED000A04A2B /* NetworkRequest.swift in Sources */,
				B5F5250C2851A07000614FF7 /* DetailIngViewController.swift in Sources */,
				39EEF65C28CB3CD600437654 /* LoginAPI.swift in Sources */,
				D739C36728C7B82500161117 /* NicknameDTO.swift in Sources */,
				39C957FE287DAB6D00A04A2B /* DetailIngEndPoint.swift in Sources */,
				B5F5251A2851A12600614FF7 /* BaseViewController.swift in Sources */,
				CB4C77E428C0D4C9007A1AD2 /* MainProtocol.swift in Sources */,
				CB85DE1F28A76F3400399109 /* SettingDeveloperInfoHeaderView.swift in Sources */,
				D739C36528C7B75400161117 /* SettingAPI.swift in Sources */,
				B5E1F2B0285EBB31006D880B /* OpenManittoPopupViewController.swift in Sources */,
				B5F525062851A05500614FF7 /* CreateRoomViewController.swift in Sources */,
				B517C04C28D1FE5F0008BED0 /* TokenAPI.swift in Sources */,
				B5F524D128519AA000614FF7 /* SceneDelegate.swift in Sources */,
				CB637A3B28595C1200FF1240 /* ParticipateRoomViewController.swift in Sources */,
				B5F524FF28519EF300614FF7 /* UIFont+Extension.swift in Sources */,
				B5F31C5228BFA64F00F61D0F /* LetterAPI.swift in Sources */,
				D777D2C928C7780E008655BD /* UrlLiteral.swift in Sources */,
				391B3003286198C200421F1D /* Size.swift in Sources */,
				39C95800287DAC2900A04A2B /* DetailDoneEndPoint.swift in Sources */,
				7E77DB0428BF9A6700E95D4B /* RoomProtocol.swift in Sources */,
				D739C36328C7B69D00161117 /* SettingProtocol.swift in Sources */,
				B5F525262851A26D00614FF7 /* NSObject+Extension.swift in Sources */,
				39EEF66028CB3D6200437654 /* LoginDTO.swift in Sources */,
				7E0C5C362855B22700F698D1 /* CreateNickNameViewController.swift in Sources */,
				CB674C1C285966020063A6B7 /* InputInvitedCodeView.swift in Sources */,
				B50B1AF92856B2C60080992C /* CreateLetterViewController.swift in Sources */,
				B5F31C5028BF922E00F61D0F /* LetterViewController+MailCompose.swift in Sources */,
				7E3058CA2854B7A900489E6A /* InputDateView.swift in Sources */,
				B5F31C5428BFA70100F61D0F /* LetterProtocol.swift in Sources */,
				D7B6C97C2858B2D40024F326 /* CheckRoomView.swift in Sources */,
				B5F31BB028BE1CA700F61D0F /* UserDefaultStorage.swift in Sources */,
				B5F31BB228BE1CD700F61D0F /* UserDefaultHandler.swift in Sources */,
				39CD581D28C4C03C00496E91 /* DetailDoneProtocol.swift in Sources */,
				CB9592B52855D52700847751 /* CommonMissonView.swift in Sources */,
				CBA4D7A42856CE9F0018BDC2 /* CreateRoomCollectionViewCell.swift in Sources */,
				39C95802287DACC300A04A2B /* RoomEndPoint.swift in Sources */,
				CB4C77E628C0D4EB007A1AD2 /* MainAPI.swift in Sources */,
				B5F524FD28519EEC00614FF7 /* UIColor+Extension.swift in Sources */,
				B5E1F2AE285B2917006D880B /* Int+Extension.swift in Sources */,
				39C957CE2876E2ED00A04A2B /* LoginViewController.swift in Sources */,
				33BDF5622856E03800564211 /* FriendListViewController.swift in Sources */,
				B5F5250E2851A07700614FF7 /* LetterViewController.swift in Sources */,
				B5F5251C2851A19A00614FF7 /* BaseCollectionViewCell.swift in Sources */,
				B5F525082851A05E00614FF7 /* InvitedCodeViewController.swift in Sources */,
				B50B1AFD2856C3500080992C /* LetterTextView.swift in Sources */,
				D77224DF285DDAB7008B760B /* Notification+Extension.swift in Sources */,
				B50B1B41285B048A0080992C /* OpenManittoViewController.swift in Sources */,
				CB5AE3E6285AB76800382EA3 /* PeopleInfoView.swift in Sources */,
				39CD581F28C4C19100496E91 /* Memory.swift in Sources */,
				39E099AD287FC020004F464E /* LetterDTO.swift in Sources */,
				B5F525222851A24100614FF7 /* UITableView+Extension.swift in Sources */,
				B5F5253B2854ABF200614FF7 /* MainButton.swift in Sources */,
				B50B1B2A285AB7650080992C /* SplashViewController.swift in Sources */,
				B5FEE9DB28C8498A00DEA07E /* ImageCacheManager.swift in Sources */,
				39CD581928C4BD9D00496E91 /* DetailStartingProtocol.swift in Sources */,
				B5F5253528547F1900614FF7 /* LetterHeaderView.swift in Sources */,
				39C95806287DAE5700A04A2B /* InteractionEndPoint.swift in Sources */,
				B5F52537285481C800614FF7 /* LetterCollectionViewCell.swift in Sources */,
				7E77DB0628BF9C0600E95D4B /* VerificationCode.swift in Sources */,
				CB358C0228A564080084D001 /* SettingDeveloperInfoViewController.swift in Sources */,
				CB7B23A828C4ECA8004A4CF3 /* Character.swift in Sources */,
				39C957E12879A3CF00A04A2B /* DailyMission.swift in Sources */,
				39CD582128C4C3E800496E91 /* DetailDoneAPI.swift in Sources */,
				D724AF5D287088310003F280 /* SettingViewController.swift in Sources */,
				B5F5253D2854B8CB00614FF7 /* UIView+Extension.swift in Sources */,
				39018F4228C4708A00C78DBA /* UIButton+Extension.swift in Sources */,
				CB5AE3E4285AAF7400382EA3 /* RoomInfoView.swift in Sources */,
				B5FEE9DD28C849B400DEA07E /* UIImageView+Cache.swift in Sources */,
				CB9592B22855C09A00847751 /* ManitoRoomCollectionCell.swift in Sources */,
				397A241428BA516B00454E4F /* DetailWaitAPI.swift in Sources */,
				B5F525242851A25400614FF7 /* UICollectionView+Extension.swift in Sources */,
			);
			runOnlyForDeploymentPostprocessing = 0;
		};
/* End PBXSourcesBuildPhase section */

/* Begin PBXVariantGroup section */
		B5F524D428519AA000614FF7 /* Main.storyboard */ = {
			isa = PBXVariantGroup;
			children = (
				B5F524D528519AA000614FF7 /* Base */,
			);
			name = Main.storyboard;
			sourceTree = "<group>";
		};
		B5F524D928519AA100614FF7 /* LaunchScreen.storyboard */ = {
			isa = PBXVariantGroup;
			children = (
				B5F524DA28519AA100614FF7 /* Base */,
			);
			name = LaunchScreen.storyboard;
			sourceTree = "<group>";
		};
/* End PBXVariantGroup section */

/* Begin XCBuildConfiguration section */
		B5F524DD28519AA100614FF7 /* Debug */ = {
			isa = XCBuildConfiguration;
			buildSettings = {
				ALWAYS_SEARCH_USER_PATHS = NO;
				CLANG_ANALYZER_NONNULL = YES;
				CLANG_ANALYZER_NUMBER_OBJECT_CONVERSION = YES_AGGRESSIVE;
				CLANG_CXX_LANGUAGE_STANDARD = "gnu++17";
				CLANG_CXX_LIBRARY = "libc++";
				CLANG_ENABLE_MODULES = YES;
				CLANG_ENABLE_OBJC_ARC = YES;
				CLANG_ENABLE_OBJC_WEAK = YES;
				CLANG_WARN_BLOCK_CAPTURE_AUTORELEASING = YES;
				CLANG_WARN_BOOL_CONVERSION = YES;
				CLANG_WARN_COMMA = YES;
				CLANG_WARN_CONSTANT_CONVERSION = YES;
				CLANG_WARN_DEPRECATED_OBJC_IMPLEMENTATIONS = YES;
				CLANG_WARN_DIRECT_OBJC_ISA_USAGE = YES_ERROR;
				CLANG_WARN_DOCUMENTATION_COMMENTS = YES;
				CLANG_WARN_EMPTY_BODY = YES;
				CLANG_WARN_ENUM_CONVERSION = YES;
				CLANG_WARN_INFINITE_RECURSION = YES;
				CLANG_WARN_INT_CONVERSION = YES;
				CLANG_WARN_NON_LITERAL_NULL_CONVERSION = YES;
				CLANG_WARN_OBJC_IMPLICIT_RETAIN_SELF = YES;
				CLANG_WARN_OBJC_LITERAL_CONVERSION = YES;
				CLANG_WARN_OBJC_ROOT_CLASS = YES_ERROR;
				CLANG_WARN_QUOTED_INCLUDE_IN_FRAMEWORK_HEADER = YES;
				CLANG_WARN_RANGE_LOOP_ANALYSIS = YES;
				CLANG_WARN_STRICT_PROTOTYPES = YES;
				CLANG_WARN_SUSPICIOUS_MOVE = YES;
				CLANG_WARN_UNGUARDED_AVAILABILITY = YES_AGGRESSIVE;
				CLANG_WARN_UNREACHABLE_CODE = YES;
				CLANG_WARN__DUPLICATE_METHOD_MATCH = YES;
				COPY_PHASE_STRIP = NO;
				DEBUG_INFORMATION_FORMAT = dwarf;
				ENABLE_STRICT_OBJC_MSGSEND = YES;
				ENABLE_TESTABILITY = YES;
				GCC_C_LANGUAGE_STANDARD = gnu11;
				GCC_DYNAMIC_NO_PIC = NO;
				GCC_NO_COMMON_BLOCKS = YES;
				GCC_OPTIMIZATION_LEVEL = 0;
				GCC_PREPROCESSOR_DEFINITIONS = (
					"DEBUG=1",
					"$(inherited)",
				);
				GCC_WARN_64_TO_32_BIT_CONVERSION = YES;
				GCC_WARN_ABOUT_RETURN_TYPE = YES_ERROR;
				GCC_WARN_UNDECLARED_SELECTOR = YES;
				GCC_WARN_UNINITIALIZED_AUTOS = YES_AGGRESSIVE;
				GCC_WARN_UNUSED_FUNCTION = YES;
				GCC_WARN_UNUSED_VARIABLE = YES;
				IPHONEOS_DEPLOYMENT_TARGET = 15.0;
				MTL_ENABLE_DEBUG_INFO = INCLUDE_SOURCE;
				MTL_FAST_MATH = YES;
				ONLY_ACTIVE_ARCH = YES;
				SDKROOT = iphoneos;
				SWIFT_ACTIVE_COMPILATION_CONDITIONS = DEBUG;
				SWIFT_OPTIMIZATION_LEVEL = "-Onone";
			};
			name = Debug;
		};
		B5F524DE28519AA100614FF7 /* Release */ = {
			isa = XCBuildConfiguration;
			buildSettings = {
				ALWAYS_SEARCH_USER_PATHS = NO;
				CLANG_ANALYZER_NONNULL = YES;
				CLANG_ANALYZER_NUMBER_OBJECT_CONVERSION = YES_AGGRESSIVE;
				CLANG_CXX_LANGUAGE_STANDARD = "gnu++17";
				CLANG_CXX_LIBRARY = "libc++";
				CLANG_ENABLE_MODULES = YES;
				CLANG_ENABLE_OBJC_ARC = YES;
				CLANG_ENABLE_OBJC_WEAK = YES;
				CLANG_WARN_BLOCK_CAPTURE_AUTORELEASING = YES;
				CLANG_WARN_BOOL_CONVERSION = YES;
				CLANG_WARN_COMMA = YES;
				CLANG_WARN_CONSTANT_CONVERSION = YES;
				CLANG_WARN_DEPRECATED_OBJC_IMPLEMENTATIONS = YES;
				CLANG_WARN_DIRECT_OBJC_ISA_USAGE = YES_ERROR;
				CLANG_WARN_DOCUMENTATION_COMMENTS = YES;
				CLANG_WARN_EMPTY_BODY = YES;
				CLANG_WARN_ENUM_CONVERSION = YES;
				CLANG_WARN_INFINITE_RECURSION = YES;
				CLANG_WARN_INT_CONVERSION = YES;
				CLANG_WARN_NON_LITERAL_NULL_CONVERSION = YES;
				CLANG_WARN_OBJC_IMPLICIT_RETAIN_SELF = YES;
				CLANG_WARN_OBJC_LITERAL_CONVERSION = YES;
				CLANG_WARN_OBJC_ROOT_CLASS = YES_ERROR;
				CLANG_WARN_QUOTED_INCLUDE_IN_FRAMEWORK_HEADER = YES;
				CLANG_WARN_RANGE_LOOP_ANALYSIS = YES;
				CLANG_WARN_STRICT_PROTOTYPES = YES;
				CLANG_WARN_SUSPICIOUS_MOVE = YES;
				CLANG_WARN_UNGUARDED_AVAILABILITY = YES_AGGRESSIVE;
				CLANG_WARN_UNREACHABLE_CODE = YES;
				CLANG_WARN__DUPLICATE_METHOD_MATCH = YES;
				COPY_PHASE_STRIP = NO;
				DEBUG_INFORMATION_FORMAT = "dwarf-with-dsym";
				ENABLE_NS_ASSERTIONS = NO;
				ENABLE_STRICT_OBJC_MSGSEND = YES;
				GCC_C_LANGUAGE_STANDARD = gnu11;
				GCC_NO_COMMON_BLOCKS = YES;
				GCC_WARN_64_TO_32_BIT_CONVERSION = YES;
				GCC_WARN_ABOUT_RETURN_TYPE = YES_ERROR;
				GCC_WARN_UNDECLARED_SELECTOR = YES;
				GCC_WARN_UNINITIALIZED_AUTOS = YES_AGGRESSIVE;
				GCC_WARN_UNUSED_FUNCTION = YES;
				GCC_WARN_UNUSED_VARIABLE = YES;
				IPHONEOS_DEPLOYMENT_TARGET = 15.0;
				MTL_ENABLE_DEBUG_INFO = NO;
				MTL_FAST_MATH = YES;
				SDKROOT = iphoneos;
				SWIFT_COMPILATION_MODE = wholemodule;
				SWIFT_OPTIMIZATION_LEVEL = "-O";
				VALIDATE_PRODUCT = YES;
			};
			name = Release;
		};
		B5F524E028519AA100614FF7 /* Debug */ = {
			isa = XCBuildConfiguration;
			buildSettings = {
				ASSETCATALOG_COMPILER_APPICON_NAME = AppIcon;
				ASSETCATALOG_COMPILER_GLOBAL_ACCENT_COLOR_NAME = AccentColor;
				ASSETCATALOG_COMPILER_INCLUDE_ALL_APPICON_ASSETS = YES;
				CODE_SIGN_ENTITLEMENTS = Manito/Global/Supports/Manito.entitlements;
				CODE_SIGN_IDENTITY = "Apple Development";
				CODE_SIGN_STYLE = Automatic;
				CURRENT_PROJECT_VERSION = 1;
				DEVELOPMENT_TEAM = HF8GHZB58X;
				GENERATE_INFOPLIST_FILE = YES;
				INFOPLIST_FILE = Manito/Global/Supports/Info.plist;
				INFOPLIST_KEY_CFBundleDisplayName = "애니또";
				INFOPLIST_KEY_NSCameraUsageDescription = "'마니또'가 마니띠에게 전송할 사진을 위해 사용자의 카메라에 접근하려고 합니다.";
				INFOPLIST_KEY_NSPhotoLibraryUsageDescription = "'마니또'가 마니띠에게 전송할 사진을 위해 사용자의 앨범에 접근하려고 합니다.";
				INFOPLIST_KEY_UIApplicationSupportsIndirectInputEvents = YES;
				INFOPLIST_KEY_UILaunchStoryboardName = LaunchScreen;
				INFOPLIST_KEY_UIMainStoryboardFile = Main;
				INFOPLIST_KEY_UISupportedInterfaceOrientations_iPad = "UIInterfaceOrientationPortrait UIInterfaceOrientationPortraitUpsideDown UIInterfaceOrientationLandscapeLeft UIInterfaceOrientationLandscapeRight";
				INFOPLIST_KEY_UISupportedInterfaceOrientations_iPhone = "UIInterfaceOrientationPortrait UIInterfaceOrientationLandscapeLeft UIInterfaceOrientationLandscapeRight";
				INFOPLIST_KEY_UIUserInterfaceStyle = Dark;
				LD_RUNPATH_SEARCH_PATHS = (
					"$(inherited)",
					"@executable_path/Frameworks",
				);
				MARKETING_VERSION = 1.0;
				PRODUCT_BUNDLE_IDENTIFIER = com.TeamFirefighter.Manito;
				PRODUCT_NAME = "$(TARGET_NAME)";
				PROVISIONING_PROFILE_SPECIFIER = "";
				SWIFT_EMIT_LOC_STRINGS = YES;
				SWIFT_VERSION = 5.0;
				TARGETED_DEVICE_FAMILY = 1;
			};
			name = Debug;
		};
		B5F524E128519AA100614FF7 /* Release */ = {
			isa = XCBuildConfiguration;
			buildSettings = {
				ASSETCATALOG_COMPILER_APPICON_NAME = AppIcon;
				ASSETCATALOG_COMPILER_GLOBAL_ACCENT_COLOR_NAME = AccentColor;
				ASSETCATALOG_COMPILER_INCLUDE_ALL_APPICON_ASSETS = YES;
				CODE_SIGN_ENTITLEMENTS = Manito/Global/Supports/Manito.entitlements;
				CODE_SIGN_IDENTITY = "Apple Development";
				CODE_SIGN_STYLE = Automatic;
				CURRENT_PROJECT_VERSION = 1;
				DEVELOPMENT_TEAM = HF8GHZB58X;
				GENERATE_INFOPLIST_FILE = YES;
				INFOPLIST_FILE = Manito/Global/Supports/Info.plist;
				INFOPLIST_KEY_CFBundleDisplayName = "애니또";
				INFOPLIST_KEY_NSCameraUsageDescription = "'마니또'가 마니띠에게 전송할 사진을 위해 사용자의 카메라에 접근하려고 합니다.";
				INFOPLIST_KEY_NSPhotoLibraryUsageDescription = "'마니또'가 마니띠에게 전송할 사진을 위해 사용자의 앨범에 접근하려고 합니다.";
				INFOPLIST_KEY_UIApplicationSupportsIndirectInputEvents = YES;
				INFOPLIST_KEY_UILaunchStoryboardName = LaunchScreen;
				INFOPLIST_KEY_UIMainStoryboardFile = Main;
				INFOPLIST_KEY_UISupportedInterfaceOrientations_iPad = "UIInterfaceOrientationPortrait UIInterfaceOrientationPortraitUpsideDown UIInterfaceOrientationLandscapeLeft UIInterfaceOrientationLandscapeRight";
				INFOPLIST_KEY_UISupportedInterfaceOrientations_iPhone = "UIInterfaceOrientationPortrait UIInterfaceOrientationLandscapeLeft UIInterfaceOrientationLandscapeRight";
				INFOPLIST_KEY_UIUserInterfaceStyle = Dark;
				LD_RUNPATH_SEARCH_PATHS = (
					"$(inherited)",
					"@executable_path/Frameworks",
				);
				MARKETING_VERSION = 1.0;
				PRODUCT_BUNDLE_IDENTIFIER = com.TeamFirefighter.Manito;
				PRODUCT_NAME = "$(TARGET_NAME)";
				PROVISIONING_PROFILE_SPECIFIER = "";
				SWIFT_EMIT_LOC_STRINGS = YES;
				SWIFT_VERSION = 5.0;
				TARGETED_DEVICE_FAMILY = 1;
			};
			name = Release;
		};
/* End XCBuildConfiguration section */

/* Begin XCConfigurationList section */
		B5F524C628519AA000614FF7 /* Build configuration list for PBXProject "Manito" */ = {
			isa = XCConfigurationList;
			buildConfigurations = (
				B5F524DD28519AA100614FF7 /* Debug */,
				B5F524DE28519AA100614FF7 /* Release */,
			);
			defaultConfigurationIsVisible = 0;
			defaultConfigurationName = Release;
		};
		B5F524DF28519AA100614FF7 /* Build configuration list for PBXNativeTarget "Manito" */ = {
			isa = XCConfigurationList;
			buildConfigurations = (
				B5F524E028519AA100614FF7 /* Debug */,
				B5F524E128519AA100614FF7 /* Release */,
			);
			defaultConfigurationIsVisible = 0;
			defaultConfigurationName = Release;
		};
/* End XCConfigurationList section */

/* Begin XCRemoteSwiftPackageReference section */
		B50B1B0228596C900080992C /* XCRemoteSwiftPackageReference "SnapKit" */ = {
			isa = XCRemoteSwiftPackageReference;
			repositoryURL = "https://github.com/SnapKit/SnapKit";
			requirement = {
				kind = upToNextMajorVersion;
				minimumVersion = 5.0.0;
			};
		};
		B50B1B0528596CB10080992C /* XCRemoteSwiftPackageReference "FSCalendar" */ = {
			isa = XCRemoteSwiftPackageReference;
			repositoryURL = "https://github.com/WenchaoD/FSCalendar.git";
			requirement = {
				kind = upToNextMajorVersion;
				minimumVersion = 2.0.0;
			};
		};
		B50B1B31285AC0970080992C /* XCRemoteSwiftPackageReference "Gifu" */ = {
			isa = XCRemoteSwiftPackageReference;
			repositoryURL = "https://github.com/kaishin/Gifu.git";
			requirement = {
				kind = upToNextMajorVersion;
				minimumVersion = 3.0.0;
			};
		};
/* End XCRemoteSwiftPackageReference section */

/* Begin XCSwiftPackageProductDependency section */
		B50B1B0328596C900080992C /* SnapKit */ = {
			isa = XCSwiftPackageProductDependency;
			package = B50B1B0228596C900080992C /* XCRemoteSwiftPackageReference "SnapKit" */;
			productName = SnapKit;
		};
		B50B1B0628596CB10080992C /* FSCalendar */ = {
			isa = XCSwiftPackageProductDependency;
			package = B50B1B0528596CB10080992C /* XCRemoteSwiftPackageReference "FSCalendar" */;
			productName = FSCalendar;
		};
		B50B1B32285AC0970080992C /* Gifu */ = {
			isa = XCSwiftPackageProductDependency;
			package = B50B1B31285AC0970080992C /* XCRemoteSwiftPackageReference "Gifu" */;
			productName = Gifu;
		};
/* End XCSwiftPackageProductDependency section */
	};
	rootObject = B5F524C328519AA000614FF7 /* Project object */;
}
